// !$*UTF8*$!
{
	archiveVersion = 1;
	classes = {
	};
	objectVersion = 46;
	objects = {

/* Begin PBXBuildFile section */
		25F4822315621C66772C57FC /* Pods_Summer.framework in Frameworks */ = {isa = PBXBuildFile; fileRef = 5C96D22CE689A5323E4BAAB6 /* Pods_Summer.framework */; };
		CC0237771F08998D00400F7C /* EditPasswordViewController.swift in Sources */ = {isa = PBXBuildFile; fileRef = CC0237751F08998D00400F7C /* EditPasswordViewController.swift */; };
		CC0237781F08998D00400F7C /* EditPasswordViewController.xib in Resources */ = {isa = PBXBuildFile; fileRef = CC0237761F08998D00400F7C /* EditPasswordViewController.xib */; };
		CC02377B1F08A20400400F7C /* BaseSegmentControl.swift in Sources */ = {isa = PBXBuildFile; fileRef = CC02377A1F08A20400400F7C /* BaseSegmentControl.swift */; };
		CC02377F1F08ABDC00400F7C /* SettingViewController.swift in Sources */ = {isa = PBXBuildFile; fileRef = CC02377D1F08ABDC00400F7C /* SettingViewController.swift */; };
		CC0237801F08ABDC00400F7C /* SettingViewController.xib in Resources */ = {isa = PBXBuildFile; fileRef = CC02377E1F08ABDC00400F7C /* SettingViewController.xib */; };
		CC030B6F1F4145760069634C /* SessionManager.swift in Sources */ = {isa = PBXBuildFile; fileRef = CC030B6E1F4145760069634C /* SessionManager.swift */; };
		CC030E911F1BA4160030145C /* BaseAlertView.swift in Sources */ = {isa = PBXBuildFile; fileRef = CC030E901F1BA4160030145C /* BaseAlertView.swift */; };
		CC030E931F1BA42A0030145C /* BaseAlertView.xib in Resources */ = {isa = PBXBuildFile; fileRef = CC030E921F1BA42A0030145C /* BaseAlertView.xib */; };
		CC03D0811EFEBE9D00CC8B20 /* RuleSelectorView.swift in Sources */ = {isa = PBXBuildFile; fileRef = CC03D0801EFEBE9D00CC8B20 /* RuleSelectorView.swift */; };
		CC0411D71F37567C00884165 /* HistoryDataViewController.swift in Sources */ = {isa = PBXBuildFile; fileRef = CC0411D51F37567B00884165 /* HistoryDataViewController.swift */; };
		CC0411D81F37567C00884165 /* HistoryDataViewController.xib in Resources */ = {isa = PBXBuildFile; fileRef = CC0411D61F37567B00884165 /* HistoryDataViewController.xib */; };
		CC0411DB1F375ADB00884165 /* DateSegmentView.swift in Sources */ = {isa = PBXBuildFile; fileRef = CC0411DA1F375ADB00884165 /* DateSegmentView.swift */; };
		CC0411DE1F37699300884165 /* HistoryDataCell.swift in Sources */ = {isa = PBXBuildFile; fileRef = CC0411DC1F37699300884165 /* HistoryDataCell.swift */; };
		CC0411DF1F37699300884165 /* HistoryDataCell.xib in Resources */ = {isa = PBXBuildFile; fileRef = CC0411DD1F37699300884165 /* HistoryDataCell.xib */; };
		CC05D2CF1F08748600653C71 /* GenderPickerView.swift in Sources */ = {isa = PBXBuildFile; fileRef = CC05D2CE1F08748600653C71 /* GenderPickerView.swift */; };
		CC0664A81EF76A4F00020415 /* BaseView.swift in Sources */ = {isa = PBXBuildFile; fileRef = CC0664A71EF76A4F00020415 /* BaseView.swift */; };
		CC0664AA1EF76A5D00020415 /* BaseViewController.swift in Sources */ = {isa = PBXBuildFile; fileRef = CC0664A91EF76A5D00020415 /* BaseViewController.swift */; };
		CC0664AC1EF76A8900020415 /* MainViewController.swift in Sources */ = {isa = PBXBuildFile; fileRef = CC0664AB1EF76A8900020415 /* MainViewController.swift */; };
		CC0664B01EF7BEC800020415 /* BaseNavigationController.swift in Sources */ = {isa = PBXBuildFile; fileRef = CC0664AF1EF7BEC800020415 /* BaseNavigationController.swift */; };
		CC0664B41EF7C0EB00020415 /* MainMenuView.swift in Sources */ = {isa = PBXBuildFile; fileRef = CC0664B31EF7C0EB00020415 /* MainMenuView.swift */; };
		CC0E30C51F11E1A900F6AFFB /* NotificationCenterCell.swift in Sources */ = {isa = PBXBuildFile; fileRef = CC0E30C31F11E1A900F6AFFB /* NotificationCenterCell.swift */; };
		CC0E30C61F11E1A900F6AFFB /* NotificationCenterCell.xib in Resources */ = {isa = PBXBuildFile; fileRef = CC0E30C41F11E1A900F6AFFB /* NotificationCenterCell.xib */; };
		CC11D6221F41F11D001E153F /* DateExtension.swift in Sources */ = {isa = PBXBuildFile; fileRef = CC11D6211F41F11D001E153F /* DateExtension.swift */; };
		CC11D6521F30C9BA00B9ADD1 /* StartSetGenderViewController.swift in Sources */ = {isa = PBXBuildFile; fileRef = CC11D6501F30C9BA00B9ADD1 /* StartSetGenderViewController.swift */; };
		CC11D6531F30C9BA00B9ADD1 /* StartSetGenderViewController.xib in Resources */ = {isa = PBXBuildFile; fileRef = CC11D6511F30C9BA00B9ADD1 /* StartSetGenderViewController.xib */; };
		CC11D6561F30D3CE00B9ADD1 /* StartSetBirthViewController.swift in Sources */ = {isa = PBXBuildFile; fileRef = CC11D6541F30D3CE00B9ADD1 /* StartSetBirthViewController.swift */; };
		CC11D6571F30D3CE00B9ADD1 /* StartSetBirthViewController.xib in Resources */ = {isa = PBXBuildFile; fileRef = CC11D6551F30D3CE00B9ADD1 /* StartSetBirthViewController.xib */; };
		CC11D65A1F30D7D300B9ADD1 /* StartSetWeightViewController.swift in Sources */ = {isa = PBXBuildFile; fileRef = CC11D6581F30D7D300B9ADD1 /* StartSetWeightViewController.swift */; };
		CC11D65B1F30D7D300B9ADD1 /* StartSetWeightViewController.xib in Resources */ = {isa = PBXBuildFile; fileRef = CC11D6591F30D7D300B9ADD1 /* StartSetWeightViewController.xib */; };
		CC11D65E1F30DE8000B9ADD1 /* StartSetHeightViewController.swift in Sources */ = {isa = PBXBuildFile; fileRef = CC11D65C1F30DE8000B9ADD1 /* StartSetHeightViewController.swift */; };
		CC11D65F1F30DE8000B9ADD1 /* StartSetHeightViewController.xib in Resources */ = {isa = PBXBuildFile; fileRef = CC11D65D1F30DE8000B9ADD1 /* StartSetHeightViewController.xib */; };
		CC12F9F71F4516AB00533783 /* CoreLocation.framework in Frameworks */ = {isa = PBXBuildFile; fileRef = CC12F9F61F4516AB00533783 /* CoreLocation.framework */; };
		CC12F9F91F4519F600533783 /* APIRequest.swift in Sources */ = {isa = PBXBuildFile; fileRef = CC12F9F81F4519F600533783 /* APIRequest.swift */; };
		CC12F9FC1F451CC000533783 /* CurrentAQI.swift in Sources */ = {isa = PBXBuildFile; fileRef = CC12F9FB1F451CC000533783 /* CurrentAQI.swift */; };
		CC12FA001F45DF8E00533783 /* WeekAQIDataView.swift in Sources */ = {isa = PBXBuildFile; fileRef = CC12F9FF1F45DF8E00533783 /* WeekAQIDataView.swift */; };
		CC1657BA1F3B6F7F0097FF58 /* BLTipView.swift in Sources */ = {isa = PBXBuildFile; fileRef = CC1657B91F3B6F7F0097FF58 /* BLTipView.swift */; };
		CC1748A71F2ED8A000CE268C /* WXImagePickerViewController.swift in Sources */ = {isa = PBXBuildFile; fileRef = CC1748A51F2ED8A000CE268C /* WXImagePickerViewController.swift */; };
		CC1748A81F2ED8A000CE268C /* WXImagePickerViewController.xib in Resources */ = {isa = PBXBuildFile; fileRef = CC1748A61F2ED8A000CE268C /* WXImagePickerViewController.xib */; };
		CC196F861F3CAC91006C1D90 /* WindModeControllView.swift in Sources */ = {isa = PBXBuildFile; fileRef = CC196F851F3CAC91006C1D90 /* WindModeControllView.swift */; };
		CC2B99D31F04905700916069 /* DatePickerView.swift in Sources */ = {isa = PBXBuildFile; fileRef = CC2B99D21F04905700916069 /* DatePickerView.swift */; };
		CC2B99D51F0490FA00916069 /* BaseActionSheetView.swift in Sources */ = {isa = PBXBuildFile; fileRef = CC2B99D41F0490FA00916069 /* BaseActionSheetView.swift */; };
		CC3348CB1EF368790084642A /* AppDelegate.swift in Sources */ = {isa = PBXBuildFile; fileRef = CC3348CA1EF368790084642A /* AppDelegate.swift */; };
		CC3348D21EF368790084642A /* Main.storyboard in Resources */ = {isa = PBXBuildFile; fileRef = CC3348D01EF368790084642A /* Main.storyboard */; };
		CC3348D41EF368790084642A /* Assets.xcassets in Resources */ = {isa = PBXBuildFile; fileRef = CC3348D31EF368790084642A /* Assets.xcassets */; };
		CC3348D71EF368790084642A /* LaunchScreen.storyboard in Resources */ = {isa = PBXBuildFile; fileRef = CC3348D51EF368790084642A /* LaunchScreen.storyboard */; };
		CC339C061F48951D00EB0516 /* UserInfo.swift in Sources */ = {isa = PBXBuildFile; fileRef = CC339C051F48951D00EB0516 /* UserInfo.swift */; };
		CC339C091F4A532B00EB0516 /* ModeSettingController.swift in Sources */ = {isa = PBXBuildFile; fileRef = CC339C071F4A532B00EB0516 /* ModeSettingController.swift */; };
		CC339C0D1F4A546E00EB0516 /* ModeSettingCell.swift in Sources */ = {isa = PBXBuildFile; fileRef = CC339C0B1F4A546E00EB0516 /* ModeSettingCell.swift */; };
		CC339C0E1F4A546E00EB0516 /* ModeSettingCell.xib in Resources */ = {isa = PBXBuildFile; fileRef = CC339C0C1F4A546E00EB0516 /* ModeSettingCell.xib */; };
		CC339C101F4C0E7D00EB0516 /* UserWindSpeedConfig.swift in Sources */ = {isa = PBXBuildFile; fileRef = CC339C0F1F4C0E7D00EB0516 /* UserWindSpeedConfig.swift */; };
		CC339C121F4C12FB00EB0516 /* WindModeManager.swift in Sources */ = {isa = PBXBuildFile; fileRef = CC339C111F4C12FB00EB0516 /* WindModeManager.swift */; };
		CC3693811F3612AD00929F24 /* OpenBluetoothController.swift in Sources */ = {isa = PBXBuildFile; fileRef = CC36937F1F3612AD00929F24 /* OpenBluetoothController.swift */; };
		CC3693821F3612AD00929F24 /* OpenBluetoothController.xib in Resources */ = {isa = PBXBuildFile; fileRef = CC3693801F3612AD00929F24 /* OpenBluetoothController.xib */; };
		CC3EF2CB1EFEB99E00CE4919 /* Localizable.strings in Resources */ = {isa = PBXBuildFile; fileRef = CC3EF2CD1EFEB99E00CE4919 /* Localizable.strings */; };
		CC4B66DA1F3838B500772738 /* APIManager.swift in Sources */ = {isa = PBXBuildFile; fileRef = CC4B66D91F3838B500772738 /* APIManager.swift */; };
		CC4B66DC1F383F2500772738 /* StringExtension.swift in Sources */ = {isa = PBXBuildFile; fileRef = CC4B66DB1F383F2500772738 /* StringExtension.swift */; };
		CC4BA8741F2D9BE2002B571D /* LanguageListController.swift in Sources */ = {isa = PBXBuildFile; fileRef = CC4BA8721F2D9BE2002B571D /* LanguageListController.swift */; };
		CC4BA8751F2D9BE2002B571D /* LanguageListController.xib in Resources */ = {isa = PBXBuildFile; fileRef = CC4BA8731F2D9BE2002B571D /* LanguageListController.xib */; };
		CC4BA8781F2D9C25002B571D /* LanguageCell.swift in Sources */ = {isa = PBXBuildFile; fileRef = CC4BA8761F2D9C25002B571D /* LanguageCell.swift */; };
		CC4BA8791F2D9C25002B571D /* LanguageCell.xib in Resources */ = {isa = PBXBuildFile; fileRef = CC4BA8771F2D9C25002B571D /* LanguageCell.xib */; };
		CC4BA87D1F2DA2AB002B571D /* EquipmentViewController.swift in Sources */ = {isa = PBXBuildFile; fileRef = CC4BA87B1F2DA2AB002B571D /* EquipmentViewController.swift */; };
		CC4BA87E1F2DA2AB002B571D /* EquipmentViewController.xib in Resources */ = {isa = PBXBuildFile; fileRef = CC4BA87C1F2DA2AB002B571D /* EquipmentViewController.xib */; };
		CC4BA8801F2DCA0F002B571D /* ConfirmAlertView.swift in Sources */ = {isa = PBXBuildFile; fileRef = CC4BA87F1F2DCA0F002B571D /* ConfirmAlertView.swift */; };
		CC4BA8821F2DCA2D002B571D /* ConfirmAlertView.xib in Resources */ = {isa = PBXBuildFile; fileRef = CC4BA8811F2DCA2D002B571D /* ConfirmAlertView.xib */; };
		CC4BA8841F2DDA03002B571D /* about-banner.png in Resources */ = {isa = PBXBuildFile; fileRef = CC4BA8831F2DDA03002B571D /* about-banner.png */; };
		CC4BA8881F2DDBD7002B571D /* NotificationDetailController.swift in Sources */ = {isa = PBXBuildFile; fileRef = CC4BA8861F2DDBD7002B571D /* NotificationDetailController.swift */; };
		CC4BA8891F2DDBD7002B571D /* NotificationDetailController.xib in Resources */ = {isa = PBXBuildFile; fileRef = CC4BA8871F2DDBD7002B571D /* NotificationDetailController.xib */; };
		CC4BA88B1F2DDC54002B571D /* notification.html in Resources */ = {isa = PBXBuildFile; fileRef = CC4BA88A1F2DDC54002B571D /* notification.html */; };
		CC4BA88D1F2DE0F8002B571D /* BottomWechatShareView.swift in Sources */ = {isa = PBXBuildFile; fileRef = CC4BA88C1F2DE0F8002B571D /* BottomWechatShareView.swift */; };
		CC4BA88F1F2DEB3D002B571D /* BottomWechatShareView.xib in Resources */ = {isa = PBXBuildFile; fileRef = CC4BA88E1F2DEB3D002B571D /* BottomWechatShareView.xib */; };
		CC4BA8921F2DFE53002B571D /* UserHandbookController.swift in Sources */ = {isa = PBXBuildFile; fileRef = CC4BA8901F2DFE53002B571D /* UserHandbookController.swift */; };
		CC4BA8931F2DFE53002B571D /* UserHandbookController.xib in Resources */ = {isa = PBXBuildFile; fileRef = CC4BA8911F2DFE53002B571D /* UserHandbookController.xib */; };
		CC5A10351F2F77E000A73754 /* StartGuideViewController.swift in Sources */ = {isa = PBXBuildFile; fileRef = CC5A10331F2F77E000A73754 /* StartGuideViewController.swift */; };
		CC5A10361F2F77E000A73754 /* StartGuideViewController.xib in Resources */ = {isa = PBXBuildFile; fileRef = CC5A10341F2F77E000A73754 /* StartGuideViewController.xib */; };
		CC5A10391F2F8DD000A73754 /* LoginViewController.swift in Sources */ = {isa = PBXBuildFile; fileRef = CC5A10371F2F8DD000A73754 /* LoginViewController.swift */; };
		CC5A103A1F2F8DD000A73754 /* LoginViewController.xib in Resources */ = {isa = PBXBuildFile; fileRef = CC5A10381F2F8DD000A73754 /* LoginViewController.xib */; };
		CC5B32711EFA5D570048FC89 /* WXActionSheetView.swift in Sources */ = {isa = PBXBuildFile; fileRef = CC5B32701EFA5D570048FC89 /* WXActionSheetView.swift */; };
		CC6D342C1EF3731B002C4A36 /* DemoViewController.swift in Sources */ = {isa = PBXBuildFile; fileRef = CC6D342B1EF3731B002C4A36 /* DemoViewController.swift */; };
		CC6D342E1EF3877A002C4A36 /* Car.swift in Sources */ = {isa = PBXBuildFile; fileRef = CC6D342D1EF3877A002C4A36 /* Car.swift */; };
		CC6D34311EF39E7E002C4A36 /* UIView+Position.swift in Sources */ = {isa = PBXBuildFile; fileRef = CC6D34301EF39E7E002C4A36 /* UIView+Position.swift */; };
		CC6D34331EF3A29A002C4A36 /* UIColorExtensions.swift in Sources */ = {isa = PBXBuildFile; fileRef = CC6D34321EF3A29A002C4A36 /* UIColorExtensions.swift */; };
		CC6D34351EF3A669002C4A36 /* Common.swift in Sources */ = {isa = PBXBuildFile; fileRef = CC6D34341EF3A669002C4A36 /* Common.swift */; };
		CC807F151F46E33C00C2FE87 /* UIBezierPath+LxThroughPointsBezier.m in Sources */ = {isa = PBXBuildFile; fileRef = CC807F141F46E33C00C2FE87 /* UIBezierPath+LxThroughPointsBezier.m */; };
		CC8B17EF1F3038BD00FC5EAE /* BLHUDBarManager.swift in Sources */ = {isa = PBXBuildFile; fileRef = CC8B17EE1F3038BD00FC5EAE /* BLHUDBarManager.swift */; };
		CC8B17F41F30532300FC5EAE /* SimpleHUDController.swift in Sources */ = {isa = PBXBuildFile; fileRef = CC8B17F21F30532300FC5EAE /* SimpleHUDController.swift */; };
		CC8B17F51F30532300FC5EAE /* SimpleHUDController.xib in Resources */ = {isa = PBXBuildFile; fileRef = CC8B17F31F30532300FC5EAE /* SimpleHUDController.xib */; };
		CC8B17F71F30587F00FC5EAE /* Tookit.swift in Sources */ = {isa = PBXBuildFile; fileRef = CC8B17F61F30587F00FC5EAE /* Tookit.swift */; };
		CC8B17FA1F30AF1A00FC5EAE /* StartSetUsernameViewController.swift in Sources */ = {isa = PBXBuildFile; fileRef = CC8B17F81F30AF1A00FC5EAE /* StartSetUsernameViewController.swift */; };
		CC8B17FB1F30AF1A00FC5EAE /* StartSetUsernameViewController.xib in Resources */ = {isa = PBXBuildFile; fileRef = CC8B17F91F30AF1A00FC5EAE /* StartSetUsernameViewController.xib */; };
		CC8B180F1F30B0E100FC5EAE /* main-bg1.jpg in Resources */ = {isa = PBXBuildFile; fileRef = CC8B18091F30B0E100FC5EAE /* main-bg1.jpg */; };
		CC8B18101F30B0E100FC5EAE /* main-bg2.jpg in Resources */ = {isa = PBXBuildFile; fileRef = CC8B180A1F30B0E100FC5EAE /* main-bg2.jpg */; };
		CC8B18111F30B0E100FC5EAE /* main-bg3.jpg in Resources */ = {isa = PBXBuildFile; fileRef = CC8B180B1F30B0E100FC5EAE /* main-bg3.jpg */; };
		CC8B18121F30B0E100FC5EAE /* main-bg4.jpg in Resources */ = {isa = PBXBuildFile; fileRef = CC8B180C1F30B0E100FC5EAE /* main-bg4.jpg */; };
		CC8B18131F30B0E100FC5EAE /* main-bg5.jpg in Resources */ = {isa = PBXBuildFile; fileRef = CC8B180D1F30B0E100FC5EAE /* main-bg5.jpg */; };
		CC8B18141F30B0E100FC5EAE /* main-bg6.jpg in Resources */ = {isa = PBXBuildFile; fileRef = CC8B180E1F30B0E100FC5EAE /* main-bg6.jpg */; };
		CC8D040B1F3FDCF700F9B7FF /* WindModeAjustor.swift in Sources */ = {isa = PBXBuildFile; fileRef = CC8D040A1F3FDCF700F9B7FF /* WindModeAjustor.swift */; };
		CC8D040F1F40052C00F9B7FF /* DES3EncryptUtil.m in Sources */ = {isa = PBXBuildFile; fileRef = CC8D040E1F40052C00F9B7FF /* DES3EncryptUtil.m */; };
		CC8D04121F40058E00F9B7FF /* MyBase64.m in Sources */ = {isa = PBXBuildFile; fileRef = CC8D04111F40058E00F9B7FF /* MyBase64.m */; };
		CC8D04191F40A5F100F9B7FF /* WXPregressHUD.swift in Sources */ = {isa = PBXBuildFile; fileRef = CC8D04181F40A5F100F9B7FF /* WXPregressHUD.swift */; };
		CC9BDCA81F4336EA00AF6DB4 /* MBProgressHUD.m in Sources */ = {isa = PBXBuildFile; fileRef = CC9BDCA71F4336EA00AF6DB4 /* MBProgressHUD.m */; };
		CC9BDCB31F43409A00AF6DB4 /* SVIndefiniteAnimatedView.m in Sources */ = {isa = PBXBuildFile; fileRef = CC9BDCAB1F43409A00AF6DB4 /* SVIndefiniteAnimatedView.m */; };
		CC9BDCB41F43409A00AF6DB4 /* SVProgressAnimatedView.m in Sources */ = {isa = PBXBuildFile; fileRef = CC9BDCAD1F43409A00AF6DB4 /* SVProgressAnimatedView.m */; };
		CC9BDCB51F43409A00AF6DB4 /* SVProgressHUD.bundle in Resources */ = {isa = PBXBuildFile; fileRef = CC9BDCAE1F43409A00AF6DB4 /* SVProgressHUD.bundle */; };
		CC9BDCB61F43409A00AF6DB4 /* SVProgressHUD.m in Sources */ = {isa = PBXBuildFile; fileRef = CC9BDCB01F43409A00AF6DB4 /* SVProgressHUD.m */; };
		CC9BDCB71F43409A00AF6DB4 /* SVRadialGradientLayer.m in Sources */ = {isa = PBXBuildFile; fileRef = CC9BDCB21F43409A00AF6DB4 /* SVRadialGradientLayer.m */; };
		CCE4E2C11F0903760085542E /* AboutViewController.swift in Sources */ = {isa = PBXBuildFile; fileRef = CCE4E2BF1F0903760085542E /* AboutViewController.swift */; };
		CCE4E2C51F0909800085542E /* PrivacyViewController.swift in Sources */ = {isa = PBXBuildFile; fileRef = CCE4E2C31F0909800085542E /* PrivacyViewController.swift */; };
		CCE4E2C81F091C350085542E /* Privacy.html in Resources */ = {isa = PBXBuildFile; fileRef = CCE4E2C71F091C350085542E /* Privacy.html */; };
		CCE4E2CA1F0925970085542E /* logo.png in Resources */ = {isa = PBXBuildFile; fileRef = CCE4E2C91F0925970085542E /* logo.png */; };
		CCE4E2CD1F0932970085542E /* aboutBSL.html in Resources */ = {isa = PBXBuildFile; fileRef = CCE4E2CC1F0932970085542E /* aboutBSL.html */; };
		CCE4E2CF1F0932A50085542E /* qrcode.png in Resources */ = {isa = PBXBuildFile; fileRef = CCE4E2CE1F0932A50085542E /* qrcode.png */; };
		CCE4E2D31F09380C0085542E /* useItem.html in Resources */ = {isa = PBXBuildFile; fileRef = CCE4E2D21F09380C0085542E /* useItem.html */; };
		CCE4E2D51F0938940085542E /* TermsOfUseController.swift in Sources */ = {isa = PBXBuildFile; fileRef = CCE4E2D41F0938940085542E /* TermsOfUseController.swift */; };
		CCE954741F11122D005C755C /* CheckUpdateViewController.swift in Sources */ = {isa = PBXBuildFile; fileRef = CCE954721F11122D005C755C /* CheckUpdateViewController.swift */; };
		CCE954751F11122D005C755C /* CheckUpdateViewController.xib in Resources */ = {isa = PBXBuildFile; fileRef = CCE954731F11122D005C755C /* CheckUpdateViewController.xib */; };
		CCE954771F1120FA005C755C /* UIView+IBInspectable.swift in Sources */ = {isa = PBXBuildFile; fileRef = CCE954761F1120FA005C755C /* UIView+IBInspectable.swift */; };
		CCE9547B1F113260005C755C /* NotificationCenterController.swift in Sources */ = {isa = PBXBuildFile; fileRef = CCE954791F113260005C755C /* NotificationCenterController.swift */; };
		CCE9547C1F113260005C755C /* NotificationCenterController.xib in Resources */ = {isa = PBXBuildFile; fileRef = CCE9547A1F113260005C755C /* NotificationCenterController.xib */; };
		CCFAC1FF1EFF5B4900319BB0 /* BaseRulerSelectorActionView.swift in Sources */ = {isa = PBXBuildFile; fileRef = CCFAC1FE1EFF5B4900319BB0 /* BaseRulerSelectorActionView.swift */; };
		CCFAC20B1EFFA16500319BB0 /* MainMenuView.xib in Resources */ = {isa = PBXBuildFile; fileRef = CCFAC20D1EFFA16500319BB0 /* MainMenuView.xib */; };
		CCFAC2181EFFA23000319BB0 /* EditProfileViewController.swift in Sources */ = {isa = PBXBuildFile; fileRef = CCFAC2161EFFA23000319BB0 /* EditProfileViewController.swift */; };
		CCFAC2191EFFA23000319BB0 /* EditProfileViewController.xib in Resources */ = {isa = PBXBuildFile; fileRef = CCFAC2171EFFA23000319BB0 /* EditProfileViewController.xib */; };
		CCFBF7201F3DFE300025F330 /* AddModeViewController.swift in Sources */ = {isa = PBXBuildFile; fileRef = CCFBF71E1F3DFE300025F330 /* AddModeViewController.swift */; };
		CCFBF7211F3DFE300025F330 /* AddModeViewController.xib in Resources */ = {isa = PBXBuildFile; fileRef = CCFBF71F1F3DFE300025F330 /* AddModeViewController.xib */; };
/* End PBXBuildFile section */

/* Begin PBXFileReference section */
		5C96D22CE689A5323E4BAAB6 /* Pods_Summer.framework */ = {isa = PBXFileReference; explicitFileType = wrapper.framework; includeInIndex = 0; path = Pods_Summer.framework; sourceTree = BUILT_PRODUCTS_DIR; };
		7759AA13FDCD9FF9EA28D118 /* Pods-Summer.debug.xcconfig */ = {isa = PBXFileReference; includeInIndex = 1; lastKnownFileType = text.xcconfig; name = "Pods-Summer.debug.xcconfig"; path = "Pods/Target Support Files/Pods-Summer/Pods-Summer.debug.xcconfig"; sourceTree = "<group>"; };
		ACB90229D5AF13058AC07C4C /* Pods-Summer.release.xcconfig */ = {isa = PBXFileReference; includeInIndex = 1; lastKnownFileType = text.xcconfig; name = "Pods-Summer.release.xcconfig"; path = "Pods/Target Support Files/Pods-Summer/Pods-Summer.release.xcconfig"; sourceTree = "<group>"; };
		CC01EA0D1F39EC4F00D2A104 /* BridgingHeader.h */ = {isa = PBXFileReference; lastKnownFileType = sourcecode.c.h; path = BridgingHeader.h; sourceTree = "<group>"; };
		CC0237751F08998D00400F7C /* EditPasswordViewController.swift */ = {isa = PBXFileReference; fileEncoding = 4; lastKnownFileType = sourcecode.swift; path = EditPasswordViewController.swift; sourceTree = "<group>"; };
		CC0237761F08998D00400F7C /* EditPasswordViewController.xib */ = {isa = PBXFileReference; fileEncoding = 4; lastKnownFileType = file.xib; path = EditPasswordViewController.xib; sourceTree = "<group>"; };
		CC02377A1F08A20400400F7C /* BaseSegmentControl.swift */ = {isa = PBXFileReference; fileEncoding = 4; lastKnownFileType = sourcecode.swift; path = BaseSegmentControl.swift; sourceTree = "<group>"; };
		CC02377D1F08ABDC00400F7C /* SettingViewController.swift */ = {isa = PBXFileReference; fileEncoding = 4; lastKnownFileType = sourcecode.swift; path = SettingViewController.swift; sourceTree = "<group>"; };
		CC02377E1F08ABDC00400F7C /* SettingViewController.xib */ = {isa = PBXFileReference; fileEncoding = 4; lastKnownFileType = file.xib; path = SettingViewController.xib; sourceTree = "<group>"; };
		CC030B6E1F4145760069634C /* SessionManager.swift */ = {isa = PBXFileReference; fileEncoding = 4; lastKnownFileType = sourcecode.swift; path = SessionManager.swift; sourceTree = "<group>"; };
		CC030E901F1BA4160030145C /* BaseAlertView.swift */ = {isa = PBXFileReference; fileEncoding = 4; lastKnownFileType = sourcecode.swift; path = BaseAlertView.swift; sourceTree = "<group>"; };
		CC030E921F1BA42A0030145C /* BaseAlertView.xib */ = {isa = PBXFileReference; fileEncoding = 4; lastKnownFileType = file.xib; path = BaseAlertView.xib; sourceTree = "<group>"; };
		CC03D0801EFEBE9D00CC8B20 /* RuleSelectorView.swift */ = {isa = PBXFileReference; fileEncoding = 4; lastKnownFileType = sourcecode.swift; path = RuleSelectorView.swift; sourceTree = "<group>"; };
		CC0411D51F37567B00884165 /* HistoryDataViewController.swift */ = {isa = PBXFileReference; fileEncoding = 4; lastKnownFileType = sourcecode.swift; path = HistoryDataViewController.swift; sourceTree = "<group>"; };
		CC0411D61F37567B00884165 /* HistoryDataViewController.xib */ = {isa = PBXFileReference; fileEncoding = 4; lastKnownFileType = file.xib; path = HistoryDataViewController.xib; sourceTree = "<group>"; };
		CC0411DA1F375ADB00884165 /* DateSegmentView.swift */ = {isa = PBXFileReference; fileEncoding = 4; lastKnownFileType = sourcecode.swift; path = DateSegmentView.swift; sourceTree = "<group>"; };
		CC0411DC1F37699300884165 /* HistoryDataCell.swift */ = {isa = PBXFileReference; fileEncoding = 4; lastKnownFileType = sourcecode.swift; path = HistoryDataCell.swift; sourceTree = "<group>"; };
		CC0411DD1F37699300884165 /* HistoryDataCell.xib */ = {isa = PBXFileReference; fileEncoding = 4; lastKnownFileType = file.xib; path = HistoryDataCell.xib; sourceTree = "<group>"; };
		CC05D2CE1F08748600653C71 /* GenderPickerView.swift */ = {isa = PBXFileReference; fileEncoding = 4; lastKnownFileType = sourcecode.swift; path = GenderPickerView.swift; sourceTree = "<group>"; };
		CC0664A71EF76A4F00020415 /* BaseView.swift */ = {isa = PBXFileReference; fileEncoding = 4; lastKnownFileType = sourcecode.swift; path = BaseView.swift; sourceTree = "<group>"; };
		CC0664A91EF76A5D00020415 /* BaseViewController.swift */ = {isa = PBXFileReference; fileEncoding = 4; lastKnownFileType = sourcecode.swift; path = BaseViewController.swift; sourceTree = "<group>"; };
		CC0664AB1EF76A8900020415 /* MainViewController.swift */ = {isa = PBXFileReference; fileEncoding = 4; lastKnownFileType = sourcecode.swift; path = MainViewController.swift; sourceTree = "<group>"; };
		CC0664AF1EF7BEC800020415 /* BaseNavigationController.swift */ = {isa = PBXFileReference; fileEncoding = 4; lastKnownFileType = sourcecode.swift; path = BaseNavigationController.swift; sourceTree = "<group>"; };
		CC0664B31EF7C0EB00020415 /* MainMenuView.swift */ = {isa = PBXFileReference; fileEncoding = 4; lastKnownFileType = sourcecode.swift; path = MainMenuView.swift; sourceTree = "<group>"; };
		CC0E30C31F11E1A900F6AFFB /* NotificationCenterCell.swift */ = {isa = PBXFileReference; fileEncoding = 4; lastKnownFileType = sourcecode.swift; path = NotificationCenterCell.swift; sourceTree = "<group>"; };
		CC0E30C41F11E1A900F6AFFB /* NotificationCenterCell.xib */ = {isa = PBXFileReference; fileEncoding = 4; lastKnownFileType = file.xib; path = NotificationCenterCell.xib; sourceTree = "<group>"; };
		CC11D6211F41F11D001E153F /* DateExtension.swift */ = {isa = PBXFileReference; fileEncoding = 4; lastKnownFileType = sourcecode.swift; path = DateExtension.swift; sourceTree = "<group>"; };
		CC11D6501F30C9BA00B9ADD1 /* StartSetGenderViewController.swift */ = {isa = PBXFileReference; fileEncoding = 4; lastKnownFileType = sourcecode.swift; path = StartSetGenderViewController.swift; sourceTree = "<group>"; };
		CC11D6511F30C9BA00B9ADD1 /* StartSetGenderViewController.xib */ = {isa = PBXFileReference; fileEncoding = 4; lastKnownFileType = file.xib; path = StartSetGenderViewController.xib; sourceTree = "<group>"; };
		CC11D6541F30D3CE00B9ADD1 /* StartSetBirthViewController.swift */ = {isa = PBXFileReference; fileEncoding = 4; lastKnownFileType = sourcecode.swift; path = StartSetBirthViewController.swift; sourceTree = "<group>"; };
		CC11D6551F30D3CE00B9ADD1 /* StartSetBirthViewController.xib */ = {isa = PBXFileReference; fileEncoding = 4; lastKnownFileType = file.xib; path = StartSetBirthViewController.xib; sourceTree = "<group>"; };
		CC11D6581F30D7D300B9ADD1 /* StartSetWeightViewController.swift */ = {isa = PBXFileReference; fileEncoding = 4; lastKnownFileType = sourcecode.swift; path = StartSetWeightViewController.swift; sourceTree = "<group>"; };
		CC11D6591F30D7D300B9ADD1 /* StartSetWeightViewController.xib */ = {isa = PBXFileReference; fileEncoding = 4; lastKnownFileType = file.xib; path = StartSetWeightViewController.xib; sourceTree = "<group>"; };
		CC11D65C1F30DE8000B9ADD1 /* StartSetHeightViewController.swift */ = {isa = PBXFileReference; fileEncoding = 4; lastKnownFileType = sourcecode.swift; path = StartSetHeightViewController.swift; sourceTree = "<group>"; };
		CC11D65D1F30DE8000B9ADD1 /* StartSetHeightViewController.xib */ = {isa = PBXFileReference; fileEncoding = 4; lastKnownFileType = file.xib; path = StartSetHeightViewController.xib; sourceTree = "<group>"; };
		CC12F9F61F4516AB00533783 /* CoreLocation.framework */ = {isa = PBXFileReference; lastKnownFileType = wrapper.framework; name = CoreLocation.framework; path = System/Library/Frameworks/CoreLocation.framework; sourceTree = SDKROOT; };
		CC12F9F81F4519F600533783 /* APIRequest.swift */ = {isa = PBXFileReference; fileEncoding = 4; lastKnownFileType = sourcecode.swift; path = APIRequest.swift; sourceTree = "<group>"; };
		CC12F9FB1F451CC000533783 /* CurrentAQI.swift */ = {isa = PBXFileReference; fileEncoding = 4; lastKnownFileType = sourcecode.swift; path = CurrentAQI.swift; sourceTree = "<group>"; };
		CC12F9FF1F45DF8E00533783 /* WeekAQIDataView.swift */ = {isa = PBXFileReference; fileEncoding = 4; lastKnownFileType = sourcecode.swift; path = WeekAQIDataView.swift; sourceTree = "<group>"; };
		CC1657B91F3B6F7F0097FF58 /* BLTipView.swift */ = {isa = PBXFileReference; fileEncoding = 4; lastKnownFileType = sourcecode.swift; path = BLTipView.swift; sourceTree = "<group>"; };
		CC1748A51F2ED8A000CE268C /* WXImagePickerViewController.swift */ = {isa = PBXFileReference; fileEncoding = 4; lastKnownFileType = sourcecode.swift; path = WXImagePickerViewController.swift; sourceTree = "<group>"; };
		CC1748A61F2ED8A000CE268C /* WXImagePickerViewController.xib */ = {isa = PBXFileReference; fileEncoding = 4; lastKnownFileType = file.xib; path = WXImagePickerViewController.xib; sourceTree = "<group>"; };
		CC196F851F3CAC91006C1D90 /* WindModeControllView.swift */ = {isa = PBXFileReference; fileEncoding = 4; lastKnownFileType = sourcecode.swift; path = WindModeControllView.swift; sourceTree = "<group>"; };
		CC2B99D21F04905700916069 /* DatePickerView.swift */ = {isa = PBXFileReference; fileEncoding = 4; lastKnownFileType = sourcecode.swift; path = DatePickerView.swift; sourceTree = "<group>"; };
		CC2B99D41F0490FA00916069 /* BaseActionSheetView.swift */ = {isa = PBXFileReference; fileEncoding = 4; lastKnownFileType = sourcecode.swift; path = BaseActionSheetView.swift; sourceTree = "<group>"; };
		CC3348C71EF368790084642A /* Summer.app */ = {isa = PBXFileReference; explicitFileType = wrapper.application; includeInIndex = 0; path = Summer.app; sourceTree = BUILT_PRODUCTS_DIR; };
		CC3348CA1EF368790084642A /* AppDelegate.swift */ = {isa = PBXFileReference; lastKnownFileType = sourcecode.swift; name = AppDelegate.swift; path = Summer/AppDelegate.swift; sourceTree = "<group>"; };
		CC3348D11EF368790084642A /* Base */ = {isa = PBXFileReference; lastKnownFileType = file.storyboard; name = Base; path = Base.lproj/Main.storyboard; sourceTree = "<group>"; };
		CC3348D31EF368790084642A /* Assets.xcassets */ = {isa = PBXFileReference; lastKnownFileType = folder.assetcatalog; name = Assets.xcassets; path = Summer/Assets.xcassets; sourceTree = "<group>"; };
		CC3348D61EF368790084642A /* Base */ = {isa = PBXFileReference; lastKnownFileType = file.storyboard; name = Base; path = Base.lproj/LaunchScreen.storyboard; sourceTree = "<group>"; };
		CC3348D81EF368790084642A /* Info.plist */ = {isa = PBXFileReference; lastKnownFileType = text.plist.xml; name = Info.plist; path = Summer/Info.plist; sourceTree = "<group>"; };
		CC339C051F48951D00EB0516 /* UserInfo.swift */ = {isa = PBXFileReference; fileEncoding = 4; lastKnownFileType = sourcecode.swift; path = UserInfo.swift; sourceTree = "<group>"; };
		CC339C071F4A532B00EB0516 /* ModeSettingController.swift */ = {isa = PBXFileReference; fileEncoding = 4; lastKnownFileType = sourcecode.swift; path = ModeSettingController.swift; sourceTree = "<group>"; };
		CC339C0B1F4A546E00EB0516 /* ModeSettingCell.swift */ = {isa = PBXFileReference; fileEncoding = 4; lastKnownFileType = sourcecode.swift; path = ModeSettingCell.swift; sourceTree = "<group>"; };
		CC339C0C1F4A546E00EB0516 /* ModeSettingCell.xib */ = {isa = PBXFileReference; fileEncoding = 4; lastKnownFileType = file.xib; path = ModeSettingCell.xib; sourceTree = "<group>"; };
		CC339C0F1F4C0E7D00EB0516 /* UserWindSpeedConfig.swift */ = {isa = PBXFileReference; fileEncoding = 4; lastKnownFileType = sourcecode.swift; path = UserWindSpeedConfig.swift; sourceTree = "<group>"; };
		CC339C111F4C12FB00EB0516 /* WindModeManager.swift */ = {isa = PBXFileReference; fileEncoding = 4; lastKnownFileType = sourcecode.swift; path = WindModeManager.swift; sourceTree = "<group>"; };
		CC36937F1F3612AD00929F24 /* OpenBluetoothController.swift */ = {isa = PBXFileReference; fileEncoding = 4; lastKnownFileType = sourcecode.swift; path = OpenBluetoothController.swift; sourceTree = "<group>"; };
		CC3693801F3612AD00929F24 /* OpenBluetoothController.xib */ = {isa = PBXFileReference; fileEncoding = 4; lastKnownFileType = file.xib; path = OpenBluetoothController.xib; sourceTree = "<group>"; };
		CC3EF2CE1EFEB9A600CE4919 /* zh-Hant-HK */ = {isa = PBXFileReference; lastKnownFileType = text.plist.strings; name = "zh-Hant-HK"; path = "zh-Hant-HK.lproj/Localizable.strings"; sourceTree = "<group>"; };
		CC3EF2CF1EFEB9A800CE4919 /* en */ = {isa = PBXFileReference; lastKnownFileType = text.plist.strings; name = en; path = en.lproj/Localizable.strings; sourceTree = "<group>"; };
		CC4B66D91F3838B500772738 /* APIManager.swift */ = {isa = PBXFileReference; fileEncoding = 4; lastKnownFileType = sourcecode.swift; path = APIManager.swift; sourceTree = "<group>"; };
		CC4B66DB1F383F2500772738 /* StringExtension.swift */ = {isa = PBXFileReference; fileEncoding = 4; lastKnownFileType = sourcecode.swift; path = StringExtension.swift; sourceTree = "<group>"; };
		CC4BA8721F2D9BE2002B571D /* LanguageListController.swift */ = {isa = PBXFileReference; fileEncoding = 4; lastKnownFileType = sourcecode.swift; path = LanguageListController.swift; sourceTree = "<group>"; };
		CC4BA8731F2D9BE2002B571D /* LanguageListController.xib */ = {isa = PBXFileReference; fileEncoding = 4; lastKnownFileType = file.xib; path = LanguageListController.xib; sourceTree = "<group>"; };
		CC4BA8761F2D9C25002B571D /* LanguageCell.swift */ = {isa = PBXFileReference; fileEncoding = 4; lastKnownFileType = sourcecode.swift; path = LanguageCell.swift; sourceTree = "<group>"; };
		CC4BA8771F2D9C25002B571D /* LanguageCell.xib */ = {isa = PBXFileReference; fileEncoding = 4; lastKnownFileType = file.xib; path = LanguageCell.xib; sourceTree = "<group>"; };
		CC4BA87B1F2DA2AB002B571D /* EquipmentViewController.swift */ = {isa = PBXFileReference; fileEncoding = 4; lastKnownFileType = sourcecode.swift; path = EquipmentViewController.swift; sourceTree = "<group>"; };
		CC4BA87C1F2DA2AB002B571D /* EquipmentViewController.xib */ = {isa = PBXFileReference; fileEncoding = 4; lastKnownFileType = file.xib; path = EquipmentViewController.xib; sourceTree = "<group>"; };
		CC4BA87F1F2DCA0F002B571D /* ConfirmAlertView.swift */ = {isa = PBXFileReference; fileEncoding = 4; lastKnownFileType = sourcecode.swift; path = ConfirmAlertView.swift; sourceTree = "<group>"; };
		CC4BA8811F2DCA2D002B571D /* ConfirmAlertView.xib */ = {isa = PBXFileReference; fileEncoding = 4; lastKnownFileType = file.xib; path = ConfirmAlertView.xib; sourceTree = "<group>"; };
		CC4BA8831F2DDA03002B571D /* about-banner.png */ = {isa = PBXFileReference; lastKnownFileType = image.png; path = "about-banner.png"; sourceTree = "<group>"; };
		CC4BA8861F2DDBD7002B571D /* NotificationDetailController.swift */ = {isa = PBXFileReference; fileEncoding = 4; lastKnownFileType = sourcecode.swift; path = NotificationDetailController.swift; sourceTree = "<group>"; };
		CC4BA8871F2DDBD7002B571D /* NotificationDetailController.xib */ = {isa = PBXFileReference; fileEncoding = 4; lastKnownFileType = file.xib; path = NotificationDetailController.xib; sourceTree = "<group>"; };
		CC4BA88A1F2DDC54002B571D /* notification.html */ = {isa = PBXFileReference; fileEncoding = 4; lastKnownFileType = text.html; path = notification.html; sourceTree = "<group>"; };
		CC4BA88C1F2DE0F8002B571D /* BottomWechatShareView.swift */ = {isa = PBXFileReference; fileEncoding = 4; lastKnownFileType = sourcecode.swift; path = BottomWechatShareView.swift; sourceTree = "<group>"; };
		CC4BA88E1F2DEB3D002B571D /* BottomWechatShareView.xib */ = {isa = PBXFileReference; fileEncoding = 4; lastKnownFileType = file.xib; path = BottomWechatShareView.xib; sourceTree = "<group>"; };
		CC4BA8901F2DFE53002B571D /* UserHandbookController.swift */ = {isa = PBXFileReference; fileEncoding = 4; lastKnownFileType = sourcecode.swift; path = UserHandbookController.swift; sourceTree = "<group>"; };
		CC4BA8911F2DFE53002B571D /* UserHandbookController.xib */ = {isa = PBXFileReference; fileEncoding = 4; lastKnownFileType = file.xib; path = UserHandbookController.xib; sourceTree = "<group>"; };
		CC5A10331F2F77E000A73754 /* StartGuideViewController.swift */ = {isa = PBXFileReference; fileEncoding = 4; lastKnownFileType = sourcecode.swift; path = StartGuideViewController.swift; sourceTree = "<group>"; };
		CC5A10341F2F77E000A73754 /* StartGuideViewController.xib */ = {isa = PBXFileReference; fileEncoding = 4; lastKnownFileType = file.xib; path = StartGuideViewController.xib; sourceTree = "<group>"; };
		CC5A10371F2F8DD000A73754 /* LoginViewController.swift */ = {isa = PBXFileReference; fileEncoding = 4; lastKnownFileType = sourcecode.swift; path = LoginViewController.swift; sourceTree = "<group>"; };
		CC5A10381F2F8DD000A73754 /* LoginViewController.xib */ = {isa = PBXFileReference; fileEncoding = 4; lastKnownFileType = file.xib; path = LoginViewController.xib; sourceTree = "<group>"; };
		CC5B32701EFA5D570048FC89 /* WXActionSheetView.swift */ = {isa = PBXFileReference; fileEncoding = 4; lastKnownFileType = sourcecode.swift; path = WXActionSheetView.swift; sourceTree = "<group>"; };
		CC6D342B1EF3731B002C4A36 /* DemoViewController.swift */ = {isa = PBXFileReference; fileEncoding = 4; lastKnownFileType = sourcecode.swift; path = DemoViewController.swift; sourceTree = "<group>"; };
		CC6D342D1EF3877A002C4A36 /* Car.swift */ = {isa = PBXFileReference; fileEncoding = 4; lastKnownFileType = sourcecode.swift; path = Car.swift; sourceTree = "<group>"; };
		CC6D34301EF39E7E002C4A36 /* UIView+Position.swift */ = {isa = PBXFileReference; fileEncoding = 4; lastKnownFileType = sourcecode.swift; path = "UIView+Position.swift"; sourceTree = "<group>"; };
		CC6D34321EF3A29A002C4A36 /* UIColorExtensions.swift */ = {isa = PBXFileReference; fileEncoding = 4; lastKnownFileType = sourcecode.swift; path = UIColorExtensions.swift; sourceTree = "<group>"; };
		CC6D34341EF3A669002C4A36 /* Common.swift */ = {isa = PBXFileReference; fileEncoding = 4; lastKnownFileType = sourcecode.swift; path = Common.swift; sourceTree = "<group>"; };
		CC7821C41EFEB2860067F4A5 /* zh-Hans */ = {isa = PBXFileReference; lastKnownFileType = text.plist.strings; name = "zh-Hans"; path = "zh-Hans.lproj/Main.strings"; sourceTree = "<group>"; };
		CC7821C51EFEB2860067F4A5 /* zh-Hans */ = {isa = PBXFileReference; lastKnownFileType = text.plist.strings; name = "zh-Hans"; path = "zh-Hans.lproj/LaunchScreen.strings"; sourceTree = "<group>"; };
		CC7821C61EFEB2AE0067F4A5 /* zh-Hant-HK */ = {isa = PBXFileReference; lastKnownFileType = text.plist.strings; name = "zh-Hant-HK"; path = "zh-Hant-HK.lproj/Main.strings"; sourceTree = "<group>"; };
		CC7821C71EFEB2AF0067F4A5 /* zh-Hant-HK */ = {isa = PBXFileReference; lastKnownFileType = text.plist.strings; name = "zh-Hant-HK"; path = "zh-Hant-HK.lproj/LaunchScreen.strings"; sourceTree = "<group>"; };
		CC807F131F46E33C00C2FE87 /* UIBezierPath+LxThroughPointsBezier.h */ = {isa = PBXFileReference; fileEncoding = 4; lastKnownFileType = sourcecode.c.h; path = "UIBezierPath+LxThroughPointsBezier.h"; sourceTree = "<group>"; };
		CC807F141F46E33C00C2FE87 /* UIBezierPath+LxThroughPointsBezier.m */ = {isa = PBXFileReference; fileEncoding = 4; lastKnownFileType = sourcecode.c.objc; path = "UIBezierPath+LxThroughPointsBezier.m"; sourceTree = "<group>"; };
		CC8B17EE1F3038BD00FC5EAE /* BLHUDBarManager.swift */ = {isa = PBXFileReference; fileEncoding = 4; lastKnownFileType = sourcecode.swift; path = BLHUDBarManager.swift; sourceTree = "<group>"; };
		CC8B17F21F30532300FC5EAE /* SimpleHUDController.swift */ = {isa = PBXFileReference; fileEncoding = 4; lastKnownFileType = sourcecode.swift; path = SimpleHUDController.swift; sourceTree = "<group>"; };
		CC8B17F31F30532300FC5EAE /* SimpleHUDController.xib */ = {isa = PBXFileReference; fileEncoding = 4; lastKnownFileType = file.xib; path = SimpleHUDController.xib; sourceTree = "<group>"; };
		CC8B17F61F30587F00FC5EAE /* Tookit.swift */ = {isa = PBXFileReference; fileEncoding = 4; lastKnownFileType = sourcecode.swift; path = Tookit.swift; sourceTree = "<group>"; };
		CC8B17F81F30AF1A00FC5EAE /* StartSetUsernameViewController.swift */ = {isa = PBXFileReference; fileEncoding = 4; lastKnownFileType = sourcecode.swift; path = StartSetUsernameViewController.swift; sourceTree = "<group>"; };
		CC8B17F91F30AF1A00FC5EAE /* StartSetUsernameViewController.xib */ = {isa = PBXFileReference; fileEncoding = 4; lastKnownFileType = file.xib; path = StartSetUsernameViewController.xib; sourceTree = "<group>"; };
		CC8B18091F30B0E100FC5EAE /* main-bg1.jpg */ = {isa = PBXFileReference; lastKnownFileType = image.jpeg; path = "main-bg1.jpg"; sourceTree = "<group>"; };
		CC8B180A1F30B0E100FC5EAE /* main-bg2.jpg */ = {isa = PBXFileReference; lastKnownFileType = image.jpeg; path = "main-bg2.jpg"; sourceTree = "<group>"; };
		CC8B180B1F30B0E100FC5EAE /* main-bg3.jpg */ = {isa = PBXFileReference; lastKnownFileType = image.jpeg; path = "main-bg3.jpg"; sourceTree = "<group>"; };
		CC8B180C1F30B0E100FC5EAE /* main-bg4.jpg */ = {isa = PBXFileReference; lastKnownFileType = image.jpeg; path = "main-bg4.jpg"; sourceTree = "<group>"; };
		CC8B180D1F30B0E100FC5EAE /* main-bg5.jpg */ = {isa = PBXFileReference; lastKnownFileType = image.jpeg; path = "main-bg5.jpg"; sourceTree = "<group>"; };
		CC8B180E1F30B0E100FC5EAE /* main-bg6.jpg */ = {isa = PBXFileReference; lastKnownFileType = image.jpeg; path = "main-bg6.jpg"; sourceTree = "<group>"; };
		CC8D040A1F3FDCF700F9B7FF /* WindModeAjustor.swift */ = {isa = PBXFileReference; fileEncoding = 4; lastKnownFileType = sourcecode.swift; path = WindModeAjustor.swift; sourceTree = "<group>"; };
		CC8D040D1F40052C00F9B7FF /* DES3EncryptUtil.h */ = {isa = PBXFileReference; fileEncoding = 4; lastKnownFileType = sourcecode.c.h; path = DES3EncryptUtil.h; sourceTree = "<group>"; };
		CC8D040E1F40052C00F9B7FF /* DES3EncryptUtil.m */ = {isa = PBXFileReference; fileEncoding = 4; lastKnownFileType = sourcecode.c.objc; path = DES3EncryptUtil.m; sourceTree = "<group>"; };
		CC8D04101F40058E00F9B7FF /* MyBase64.h */ = {isa = PBXFileReference; fileEncoding = 4; lastKnownFileType = sourcecode.c.h; path = MyBase64.h; sourceTree = "<group>"; };
		CC8D04111F40058E00F9B7FF /* MyBase64.m */ = {isa = PBXFileReference; fileEncoding = 4; lastKnownFileType = sourcecode.c.objc; path = MyBase64.m; sourceTree = "<group>"; };
		CC8D04181F40A5F100F9B7FF /* WXPregressHUD.swift */ = {isa = PBXFileReference; fileEncoding = 4; lastKnownFileType = sourcecode.swift; path = WXPregressHUD.swift; sourceTree = "<group>"; };
		CC9BDCA61F4336EA00AF6DB4 /* MBProgressHUD.h */ = {isa = PBXFileReference; fileEncoding = 4; lastKnownFileType = sourcecode.c.h; path = MBProgressHUD.h; sourceTree = "<group>"; };
		CC9BDCA71F4336EA00AF6DB4 /* MBProgressHUD.m */ = {isa = PBXFileReference; fileEncoding = 4; lastKnownFileType = sourcecode.c.objc; path = MBProgressHUD.m; sourceTree = "<group>"; };
		CC9BDCAA1F43409A00AF6DB4 /* SVIndefiniteAnimatedView.h */ = {isa = PBXFileReference; fileEncoding = 4; lastKnownFileType = sourcecode.c.h; path = SVIndefiniteAnimatedView.h; sourceTree = "<group>"; };
		CC9BDCAB1F43409A00AF6DB4 /* SVIndefiniteAnimatedView.m */ = {isa = PBXFileReference; fileEncoding = 4; lastKnownFileType = sourcecode.c.objc; path = SVIndefiniteAnimatedView.m; sourceTree = "<group>"; };
		CC9BDCAC1F43409A00AF6DB4 /* SVProgressAnimatedView.h */ = {isa = PBXFileReference; fileEncoding = 4; lastKnownFileType = sourcecode.c.h; path = SVProgressAnimatedView.h; sourceTree = "<group>"; };
		CC9BDCAD1F43409A00AF6DB4 /* SVProgressAnimatedView.m */ = {isa = PBXFileReference; fileEncoding = 4; lastKnownFileType = sourcecode.c.objc; path = SVProgressAnimatedView.m; sourceTree = "<group>"; };
		CC9BDCAE1F43409A00AF6DB4 /* SVProgressHUD.bundle */ = {isa = PBXFileReference; lastKnownFileType = "wrapper.plug-in"; path = SVProgressHUD.bundle; sourceTree = "<group>"; };
		CC9BDCAF1F43409A00AF6DB4 /* SVProgressHUD.h */ = {isa = PBXFileReference; fileEncoding = 4; lastKnownFileType = sourcecode.c.h; path = SVProgressHUD.h; sourceTree = "<group>"; };
		CC9BDCB01F43409A00AF6DB4 /* SVProgressHUD.m */ = {isa = PBXFileReference; fileEncoding = 4; lastKnownFileType = sourcecode.c.objc; path = SVProgressHUD.m; sourceTree = "<group>"; };
		CC9BDCB11F43409A00AF6DB4 /* SVRadialGradientLayer.h */ = {isa = PBXFileReference; fileEncoding = 4; lastKnownFileType = sourcecode.c.h; path = SVRadialGradientLayer.h; sourceTree = "<group>"; };
		CC9BDCB21F43409A00AF6DB4 /* SVRadialGradientLayer.m */ = {isa = PBXFileReference; fileEncoding = 4; lastKnownFileType = sourcecode.c.objc; path = SVRadialGradientLayer.m; sourceTree = "<group>"; };
		CCE4E2BF1F0903760085542E /* AboutViewController.swift */ = {isa = PBXFileReference; fileEncoding = 4; lastKnownFileType = sourcecode.swift; path = AboutViewController.swift; sourceTree = "<group>"; };
		CCE4E2C31F0909800085542E /* PrivacyViewController.swift */ = {isa = PBXFileReference; fileEncoding = 4; lastKnownFileType = sourcecode.swift; path = PrivacyViewController.swift; sourceTree = "<group>"; };
		CCE4E2C71F091C350085542E /* Privacy.html */ = {isa = PBXFileReference; fileEncoding = 4; lastKnownFileType = text.html; path = Privacy.html; sourceTree = "<group>"; };
		CCE4E2C91F0925970085542E /* logo.png */ = {isa = PBXFileReference; lastKnownFileType = image.png; name = logo.png; path = Assets.xcassets/Setting/logo.imageset/logo.png; sourceTree = "<group>"; };
		CCE4E2CC1F0932970085542E /* aboutBSL.html */ = {isa = PBXFileReference; fileEncoding = 4; lastKnownFileType = text.html; path = aboutBSL.html; sourceTree = "<group>"; };
		CCE4E2CE1F0932A50085542E /* qrcode.png */ = {isa = PBXFileReference; lastKnownFileType = image.png; path = qrcode.png; sourceTree = "<group>"; };
		CCE4E2D21F09380C0085542E /* useItem.html */ = {isa = PBXFileReference; fileEncoding = 4; lastKnownFileType = text.html; path = useItem.html; sourceTree = "<group>"; };
		CCE4E2D41F0938940085542E /* TermsOfUseController.swift */ = {isa = PBXFileReference; fileEncoding = 4; lastKnownFileType = sourcecode.swift; path = TermsOfUseController.swift; sourceTree = "<group>"; };
		CCE954721F11122D005C755C /* CheckUpdateViewController.swift */ = {isa = PBXFileReference; fileEncoding = 4; lastKnownFileType = sourcecode.swift; path = CheckUpdateViewController.swift; sourceTree = "<group>"; };
		CCE954731F11122D005C755C /* CheckUpdateViewController.xib */ = {isa = PBXFileReference; fileEncoding = 4; lastKnownFileType = file.xib; path = CheckUpdateViewController.xib; sourceTree = "<group>"; };
		CCE954761F1120FA005C755C /* UIView+IBInspectable.swift */ = {isa = PBXFileReference; fileEncoding = 4; lastKnownFileType = sourcecode.swift; path = "UIView+IBInspectable.swift"; sourceTree = "<group>"; };
		CCE954791F113260005C755C /* NotificationCenterController.swift */ = {isa = PBXFileReference; fileEncoding = 4; lastKnownFileType = sourcecode.swift; path = NotificationCenterController.swift; sourceTree = "<group>"; };
		CCE9547A1F113260005C755C /* NotificationCenterController.xib */ = {isa = PBXFileReference; fileEncoding = 4; lastKnownFileType = file.xib; path = NotificationCenterController.xib; sourceTree = "<group>"; };
		CCFAC1FE1EFF5B4900319BB0 /* BaseRulerSelectorActionView.swift */ = {isa = PBXFileReference; fileEncoding = 4; lastKnownFileType = sourcecode.swift; path = BaseRulerSelectorActionView.swift; sourceTree = "<group>"; };
		CCFAC20C1EFFA16500319BB0 /* Base */ = {isa = PBXFileReference; lastKnownFileType = file.xib; name = Base; path = Base.lproj/MainMenuView.xib; sourceTree = "<group>"; };
		CCFAC20F1EFFA17000319BB0 /* zh-Hans */ = {isa = PBXFileReference; lastKnownFileType = text.plist.strings; name = "zh-Hans"; path = "zh-Hans.lproj/MainMenuView.strings"; sourceTree = "<group>"; };
		CCFAC2111EFFA17E00319BB0 /* zh-Hant-HK */ = {isa = PBXFileReference; lastKnownFileType = text.plist.strings; name = "zh-Hant-HK"; path = "zh-Hant-HK.lproj/MainMenuView.strings"; sourceTree = "<group>"; };
		CCFAC2121EFFA18D00319BB0 /* en */ = {isa = PBXFileReference; lastKnownFileType = text.plist.strings; name = en; path = en.lproj/MainMenuView.strings; sourceTree = "<group>"; };
		CCFAC2141EFFA19300319BB0 /* en */ = {isa = PBXFileReference; lastKnownFileType = text.plist.strings; name = en; path = en.lproj/Main.strings; sourceTree = "<group>"; };
		CCFAC2161EFFA23000319BB0 /* EditProfileViewController.swift */ = {isa = PBXFileReference; fileEncoding = 4; lastKnownFileType = sourcecode.swift; path = EditProfileViewController.swift; sourceTree = "<group>"; };
		CCFAC2171EFFA23000319BB0 /* EditProfileViewController.xib */ = {isa = PBXFileReference; fileEncoding = 4; lastKnownFileType = file.xib; path = EditProfileViewController.xib; sourceTree = "<group>"; };
		CCFBF71E1F3DFE300025F330 /* AddModeViewController.swift */ = {isa = PBXFileReference; fileEncoding = 4; lastKnownFileType = sourcecode.swift; path = AddModeViewController.swift; sourceTree = "<group>"; };
		CCFBF71F1F3DFE300025F330 /* AddModeViewController.xib */ = {isa = PBXFileReference; fileEncoding = 4; lastKnownFileType = file.xib; path = AddModeViewController.xib; sourceTree = "<group>"; };
/* End PBXFileReference section */

/* Begin PBXFrameworksBuildPhase section */
		CC3348C41EF368790084642A /* Frameworks */ = {
			isa = PBXFrameworksBuildPhase;
			buildActionMask = 2147483647;
			files = (
				CC12F9F71F4516AB00533783 /* CoreLocation.framework in Frameworks */,
				25F4822315621C66772C57FC /* Pods_Summer.framework in Frameworks */,
			);
			runOnlyForDeploymentPostprocessing = 0;
		};
/* End PBXFrameworksBuildPhase section */

/* Begin PBXGroup section */
		A4DB292F3E62DDC85E32350B /* Frameworks */ = {
			isa = PBXGroup;
			children = (
				CC12F9F61F4516AB00533783 /* CoreLocation.framework */,
				5C96D22CE689A5323E4BAAB6 /* Pods_Summer.framework */,
			);
			name = Frameworks;
			sourceTree = "<group>";
		};
		CC0237791F08A1E100400F7C /* SegmentControl */ = {
			isa = PBXGroup;
			children = (
				CC02377A1F08A20400400F7C /* BaseSegmentControl.swift */,
			);
			name = SegmentControl;
			sourceTree = "<group>";
		};
		CC02377C1F08ABB200400F7C /* Settings */ = {
			isa = PBXGroup;
			children = (
				CCE4E2CB1F09266A0085542E /* Resource */,
				CC02377D1F08ABDC00400F7C /* SettingViewController.swift */,
				CC02377E1F08ABDC00400F7C /* SettingViewController.xib */,
				CCE4E2BF1F0903760085542E /* AboutViewController.swift */,
				CCE4E2C31F0909800085542E /* PrivacyViewController.swift */,
				CCE4E2D41F0938940085542E /* TermsOfUseController.swift */,
				CCE954721F11122D005C755C /* CheckUpdateViewController.swift */,
				CCE954731F11122D005C755C /* CheckUpdateViewController.xib */,
				CC4BA8721F2D9BE2002B571D /* LanguageListController.swift */,
				CC4BA8731F2D9BE2002B571D /* LanguageListController.xib */,
				CC4BA8761F2D9C25002B571D /* LanguageCell.swift */,
				CC4BA8771F2D9C25002B571D /* LanguageCell.xib */,
			);
			name = Settings;
			sourceTree = "<group>";
		};
		CC030E871F1A59780030145C /* Alert */ = {
			isa = PBXGroup;
			children = (
				CC030E901F1BA4160030145C /* BaseAlertView.swift */,
				CC030E921F1BA42A0030145C /* BaseAlertView.xib */,
				CC4BA87F1F2DCA0F002B571D /* ConfirmAlertView.swift */,
				CC4BA8811F2DCA2D002B571D /* ConfirmAlertView.xib */,
				CC4BA88C1F2DE0F8002B571D /* BottomWechatShareView.swift */,
				CC4BA88E1F2DEB3D002B571D /* BottomWechatShareView.xib */,
				CC8B17EE1F3038BD00FC5EAE /* BLHUDBarManager.swift */,
				CC8B17F21F30532300FC5EAE /* SimpleHUDController.swift */,
				CC8B17F31F30532300FC5EAE /* SimpleHUDController.xib */,
			);
			name = Alert;
			sourceTree = "<group>";
		};
		CC06649F1EF762EC00020415 /* Toolkit */ = {
			isa = PBXGroup;
			children = (
				CC9BDCA91F43405A00AF6DB4 /* SVProgressHUD */,
				CC9BDCA51F4336D000AF6DB4 /* MBProgressHUD */,
				CC8D040C1F40050B00F9B7FF /* Security */,
				CC0664A21EF7689200020415 /* Component */,
				CC6D342F1EF39E4D002C4A36 /* Extension */,
				CC8B17F61F30587F00FC5EAE /* Tookit.swift */,
			);
			name = Toolkit;
			sourceTree = "<group>";
		};
		CC0664A21EF7689200020415 /* Component */ = {
			isa = PBXGroup;
			children = (
				CC8D04131F40A57000F9B7FF /* HUD */,
				CC471FAF1F2E0AAC0082DC9C /* ImagePicker */,
				CC030E871F1A59780030145C /* Alert */,
				CC0237791F08A1E100400F7C /* SegmentControl */,
				CCFAC1FD1EFF5AF300319BB0 /* ActionSheet */,
				CCFAC1FC1EFF5ADA00319BB0 /* RulerSelector */,
			);
			name = Component;
			sourceTree = "<group>";
		};
		CC0664A31EF768FD00020415 /* Network */ = {
			isa = PBXGroup;
			children = (
				CC12F9FA1F451C8E00533783 /* Model */,
				CC12F9F81F4519F600533783 /* APIRequest.swift */,
				CC4B66D91F3838B500772738 /* APIManager.swift */,
				CC030B6E1F4145760069634C /* SessionManager.swift */,
			);
			name = Network;
			sourceTree = "<group>";
		};
		CC0664A41EF769AB00020415 /* Class */ = {
			isa = PBXGroup;
			children = (
				CC5A103B1F2F8DD600A73754 /* Login */,
				CC5A10321F2F76CD00A73754 /* StartGuide */,
				CC0664A51EF769B600020415 /* Main */,
				CCFAC2151EFFA1FF00319BB0 /* Profile */,
				CC02377C1F08ABB200400F7C /* Settings */,
				CC4BA87A1F2DA22C002B571D /* MyEquipment */,
				CCE954781F113236005C755C /* Notification */,
				CC4BA8851F2DDB71002B571D /* UserGuide */,
			);
			name = Class;
			sourceTree = "<group>";
		};
		CC0664A51EF769B600020415 /* Main */ = {
			isa = PBXGroup;
			children = (
				CC12F9FE1F45DF6000533783 /* AQIData */,
				CC12F9FD1F45DF2E00533783 /* WindMode */,
				CC1657B81F3B6F570097FF58 /* PopTip */,
				CC3393971F3AA722000502C1 /* HistoryData */,
				CC8B17FC1F30B06000FC5EAE /* MainBgResource */,
				CC0664AB1EF76A8900020415 /* MainViewController.swift */,
				CC0664B31EF7C0EB00020415 /* MainMenuView.swift */,
				CCFAC20D1EFFA16500319BB0 /* MainMenuView.xib */,
				CC36937F1F3612AD00929F24 /* OpenBluetoothController.swift */,
				CC3693801F3612AD00929F24 /* OpenBluetoothController.xib */,
			);
			name = Main;
			sourceTree = "<group>";
		};
		CC0664A61EF76A3500020415 /* BaseUI */ = {
			isa = PBXGroup;
			children = (
				CC0664A71EF76A4F00020415 /* BaseView.swift */,
				CC0664A91EF76A5D00020415 /* BaseViewController.swift */,
				CC0664AF1EF7BEC800020415 /* BaseNavigationController.swift */,
			);
			name = BaseUI;
			sourceTree = "<group>";
		};
		CC12F9FA1F451C8E00533783 /* Model */ = {
			isa = PBXGroup;
			children = (
				CC12F9FB1F451CC000533783 /* CurrentAQI.swift */,
				CC339C051F48951D00EB0516 /* UserInfo.swift */,
			);
			name = Model;
			sourceTree = "<group>";
		};
		CC12F9FD1F45DF2E00533783 /* WindMode */ = {
			isa = PBXGroup;
			children = (
				CC196F841F3CABBB006C1D90 /* WindModeControl */,
				CCFBF71E1F3DFE300025F330 /* AddModeViewController.swift */,
				CCFBF71F1F3DFE300025F330 /* AddModeViewController.xib */,
				CC339C071F4A532B00EB0516 /* ModeSettingController.swift */,
				CC339C0B1F4A546E00EB0516 /* ModeSettingCell.swift */,
				CC339C0C1F4A546E00EB0516 /* ModeSettingCell.xib */,
			);
			name = WindMode;
			sourceTree = "<group>";
		};
		CC12F9FE1F45DF6000533783 /* AQIData */ = {
			isa = PBXGroup;
			children = (
				CC12F9FF1F45DF8E00533783 /* WeekAQIDataView.swift */,
			);
			name = AQIData;
			sourceTree = "<group>";
		};
		CC1657B81F3B6F570097FF58 /* PopTip */ = {
			isa = PBXGroup;
			children = (
				CC1657B91F3B6F7F0097FF58 /* BLTipView.swift */,
			);
			name = PopTip;
			sourceTree = "<group>";
		};
		CC196F841F3CABBB006C1D90 /* WindModeControl */ = {
			isa = PBXGroup;
			children = (
				CC339C0F1F4C0E7D00EB0516 /* UserWindSpeedConfig.swift */,
				CC339C111F4C12FB00EB0516 /* WindModeManager.swift */,
				CC196F851F3CAC91006C1D90 /* WindModeControllView.swift */,
				CC8D040A1F3FDCF700F9B7FF /* WindModeAjustor.swift */,
			);
			name = WindModeControl;
			sourceTree = "<group>";
		};
		CC3348BE1EF368790084642A = {
			isa = PBXGroup;
			children = (
				CC6D342A1EF372C2002C4A36 /* Demo */,
				CC3348C91EF368790084642A /* Summer */,
				CC3348C81EF368790084642A /* Products */,
				E6923F8F453D71558361D535 /* Pods */,
				A4DB292F3E62DDC85E32350B /* Frameworks */,
			);
			sourceTree = "<group>";
		};
		CC3348C81EF368790084642A /* Products */ = {
			isa = PBXGroup;
			children = (
				CC3348C71EF368790084642A /* Summer.app */,
			);
			name = Products;
			sourceTree = "<group>";
		};
		CC3348C91EF368790084642A /* Summer */ = {
			isa = PBXGroup;
			children = (
				CC0664A61EF76A3500020415 /* BaseUI */,
				CC0664A31EF768FD00020415 /* Network */,
				CC06649F1EF762EC00020415 /* Toolkit */,
				CC0664A41EF769AB00020415 /* Class */,
				CC3348DE1EF369540084642A /* Support */,
			);
			path = Summer;
			sourceTree = "<group>";
		};
		CC3348DE1EF369540084642A /* Support */ = {
			isa = PBXGroup;
			children = (
				CC3348CA1EF368790084642A /* AppDelegate.swift */,
				CC3348D01EF368790084642A /* Main.storyboard */,
				CC3348D31EF368790084642A /* Assets.xcassets */,
				CC3348D51EF368790084642A /* LaunchScreen.storyboard */,
				CC3348D81EF368790084642A /* Info.plist */,
				CC6D34341EF3A669002C4A36 /* Common.swift */,
				CC3EF2CD1EFEB99E00CE4919 /* Localizable.strings */,
				CC01EA0D1F39EC4F00D2A104 /* BridgingHeader.h */,
			);
			name = Support;
			path = ..;
			sourceTree = "<group>";
		};
		CC3393971F3AA722000502C1 /* HistoryData */ = {
			isa = PBXGroup;
			children = (
				CC0411DC1F37699300884165 /* HistoryDataCell.swift */,
				CC0411DD1F37699300884165 /* HistoryDataCell.xib */,
				CC0411DA1F375ADB00884165 /* DateSegmentView.swift */,
				CC0411D51F37567B00884165 /* HistoryDataViewController.swift */,
				CC0411D61F37567B00884165 /* HistoryDataViewController.xib */,
			);
			name = HistoryData;
			sourceTree = "<group>";
		};
		CC471FAF1F2E0AAC0082DC9C /* ImagePicker */ = {
			isa = PBXGroup;
			children = (
				CC1748A51F2ED8A000CE268C /* WXImagePickerViewController.swift */,
				CC1748A61F2ED8A000CE268C /* WXImagePickerViewController.xib */,
			);
			name = ImagePicker;
			sourceTree = "<group>";
		};
		CC4BA87A1F2DA22C002B571D /* MyEquipment */ = {
			isa = PBXGroup;
			children = (
				CC4BA87B1F2DA2AB002B571D /* EquipmentViewController.swift */,
				CC4BA87C1F2DA2AB002B571D /* EquipmentViewController.xib */,
			);
			name = MyEquipment;
			sourceTree = "<group>";
		};
		CC4BA8851F2DDB71002B571D /* UserGuide */ = {
			isa = PBXGroup;
			children = (
				CC4BA8901F2DFE53002B571D /* UserHandbookController.swift */,
				CC4BA8911F2DFE53002B571D /* UserHandbookController.xib */,
			);
			name = UserGuide;
			sourceTree = "<group>";
		};
		CC5A10321F2F76CD00A73754 /* StartGuide */ = {
			isa = PBXGroup;
			children = (
				CC5A10331F2F77E000A73754 /* StartGuideViewController.swift */,
				CC5A10341F2F77E000A73754 /* StartGuideViewController.xib */,
			);
			name = StartGuide;
			sourceTree = "<group>";
		};
		CC5A103B1F2F8DD600A73754 /* Login */ = {
			isa = PBXGroup;
			children = (
				CC5A10371F2F8DD000A73754 /* LoginViewController.swift */,
				CC5A10381F2F8DD000A73754 /* LoginViewController.xib */,
				CC8B17F81F30AF1A00FC5EAE /* StartSetUsernameViewController.swift */,
				CC8B17F91F30AF1A00FC5EAE /* StartSetUsernameViewController.xib */,
				CC11D6501F30C9BA00B9ADD1 /* StartSetGenderViewController.swift */,
				CC11D6511F30C9BA00B9ADD1 /* StartSetGenderViewController.xib */,
				CC11D6541F30D3CE00B9ADD1 /* StartSetBirthViewController.swift */,
				CC11D6551F30D3CE00B9ADD1 /* StartSetBirthViewController.xib */,
				CC11D6581F30D7D300B9ADD1 /* StartSetWeightViewController.swift */,
				CC11D6591F30D7D300B9ADD1 /* StartSetWeightViewController.xib */,
				CC11D65C1F30DE8000B9ADD1 /* StartSetHeightViewController.swift */,
				CC11D65D1F30DE8000B9ADD1 /* StartSetHeightViewController.xib */,
			);
			name = Login;
			sourceTree = "<group>";
		};
		CC6D342A1EF372C2002C4A36 /* Demo */ = {
			isa = PBXGroup;
			children = (
				CC6D342B1EF3731B002C4A36 /* DemoViewController.swift */,
				CC6D342D1EF3877A002C4A36 /* Car.swift */,
			);
			name = Demo;
			sourceTree = "<group>";
		};
		CC6D342F1EF39E4D002C4A36 /* Extension */ = {
			isa = PBXGroup;
			children = (
				CC807F131F46E33C00C2FE87 /* UIBezierPath+LxThroughPointsBezier.h */,
				CC807F141F46E33C00C2FE87 /* UIBezierPath+LxThroughPointsBezier.m */,
				CC6D34301EF39E7E002C4A36 /* UIView+Position.swift */,
				CC6D34321EF3A29A002C4A36 /* UIColorExtensions.swift */,
				CCE954761F1120FA005C755C /* UIView+IBInspectable.swift */,
				CC4B66DB1F383F2500772738 /* StringExtension.swift */,
				CC11D6211F41F11D001E153F /* DateExtension.swift */,
			);
			name = Extension;
			sourceTree = "<group>";
		};
		CC8B17FC1F30B06000FC5EAE /* MainBgResource */ = {
			isa = PBXGroup;
			children = (
				CC8B18091F30B0E100FC5EAE /* main-bg1.jpg */,
				CC8B180A1F30B0E100FC5EAE /* main-bg2.jpg */,
				CC8B180B1F30B0E100FC5EAE /* main-bg3.jpg */,
				CC8B180C1F30B0E100FC5EAE /* main-bg4.jpg */,
				CC8B180D1F30B0E100FC5EAE /* main-bg5.jpg */,
				CC8B180E1F30B0E100FC5EAE /* main-bg6.jpg */,
			);
			name = MainBgResource;
			sourceTree = "<group>";
		};
		CC8D040C1F40050B00F9B7FF /* Security */ = {
			isa = PBXGroup;
			children = (
				CC8D04101F40058E00F9B7FF /* MyBase64.h */,
				CC8D04111F40058E00F9B7FF /* MyBase64.m */,
				CC8D040D1F40052C00F9B7FF /* DES3EncryptUtil.h */,
				CC8D040E1F40052C00F9B7FF /* DES3EncryptUtil.m */,
			);
			name = Security;
			sourceTree = "<group>";
		};
		CC8D04131F40A57000F9B7FF /* HUD */ = {
			isa = PBXGroup;
			children = (
				CC8D04181F40A5F100F9B7FF /* WXPregressHUD.swift */,
			);
			name = HUD;
			sourceTree = "<group>";
		};
		CC9BDCA51F4336D000AF6DB4 /* MBProgressHUD */ = {
			isa = PBXGroup;
			children = (
				CC9BDCA61F4336EA00AF6DB4 /* MBProgressHUD.h */,
				CC9BDCA71F4336EA00AF6DB4 /* MBProgressHUD.m */,
			);
			name = MBProgressHUD;
			sourceTree = "<group>";
		};
		CC9BDCA91F43405A00AF6DB4 /* SVProgressHUD */ = {
			isa = PBXGroup;
			children = (
				CC9BDCAA1F43409A00AF6DB4 /* SVIndefiniteAnimatedView.h */,
				CC9BDCAB1F43409A00AF6DB4 /* SVIndefiniteAnimatedView.m */,
				CC9BDCAC1F43409A00AF6DB4 /* SVProgressAnimatedView.h */,
				CC9BDCAD1F43409A00AF6DB4 /* SVProgressAnimatedView.m */,
				CC9BDCAE1F43409A00AF6DB4 /* SVProgressHUD.bundle */,
				CC9BDCAF1F43409A00AF6DB4 /* SVProgressHUD.h */,
				CC9BDCB01F43409A00AF6DB4 /* SVProgressHUD.m */,
				CC9BDCB11F43409A00AF6DB4 /* SVRadialGradientLayer.h */,
				CC9BDCB21F43409A00AF6DB4 /* SVRadialGradientLayer.m */,
			);
			name = SVProgressHUD;
			sourceTree = "<group>";
		};
		CCE4E2CB1F09266A0085542E /* Resource */ = {
			isa = PBXGroup;
			children = (
				CCE4E2C71F091C350085542E /* Privacy.html */,
				CCE4E2C91F0925970085542E /* logo.png */,
				CCE4E2CC1F0932970085542E /* aboutBSL.html */,
				CCE4E2CE1F0932A50085542E /* qrcode.png */,
				CC4BA8831F2DDA03002B571D /* about-banner.png */,
				CCE4E2D21F09380C0085542E /* useItem.html */,
				CC4BA88A1F2DDC54002B571D /* notification.html */,
			);
			name = Resource;
			sourceTree = "<group>";
		};
		CCE954781F113236005C755C /* Notification */ = {
			isa = PBXGroup;
			children = (
				CCE954791F113260005C755C /* NotificationCenterController.swift */,
				CCE9547A1F113260005C755C /* NotificationCenterController.xib */,
				CC0E30C31F11E1A900F6AFFB /* NotificationCenterCell.swift */,
				CC0E30C41F11E1A900F6AFFB /* NotificationCenterCell.xib */,
				CC4BA8861F2DDBD7002B571D /* NotificationDetailController.swift */,
				CC4BA8871F2DDBD7002B571D /* NotificationDetailController.xib */,
			);
			name = Notification;
			sourceTree = "<group>";
		};
		CCFAC1FC1EFF5ADA00319BB0 /* RulerSelector */ = {
			isa = PBXGroup;
			children = (
				CCFAC1FE1EFF5B4900319BB0 /* BaseRulerSelectorActionView.swift */,
				CC03D0801EFEBE9D00CC8B20 /* RuleSelectorView.swift */,
			);
			name = RulerSelector;
			sourceTree = "<group>";
		};
		CCFAC1FD1EFF5AF300319BB0 /* ActionSheet */ = {
			isa = PBXGroup;
			children = (
				CC2B99D41F0490FA00916069 /* BaseActionSheetView.swift */,
				CC5B32701EFA5D570048FC89 /* WXActionSheetView.swift */,
			);
			name = ActionSheet;
			sourceTree = "<group>";
		};
		CCFAC2151EFFA1FF00319BB0 /* Profile */ = {
			isa = PBXGroup;
			children = (
				CC2B99D21F04905700916069 /* DatePickerView.swift */,
				CC05D2CE1F08748600653C71 /* GenderPickerView.swift */,
				CCFAC2161EFFA23000319BB0 /* EditProfileViewController.swift */,
				CCFAC2171EFFA23000319BB0 /* EditProfileViewController.xib */,
				CC0237751F08998D00400F7C /* EditPasswordViewController.swift */,
				CC0237761F08998D00400F7C /* EditPasswordViewController.xib */,
			);
			name = Profile;
			sourceTree = "<group>";
		};
		E6923F8F453D71558361D535 /* Pods */ = {
			isa = PBXGroup;
			children = (
				7759AA13FDCD9FF9EA28D118 /* Pods-Summer.debug.xcconfig */,
				ACB90229D5AF13058AC07C4C /* Pods-Summer.release.xcconfig */,
			);
			name = Pods;
			sourceTree = "<group>";
		};
/* End PBXGroup section */

/* Begin PBXNativeTarget section */
		CC3348C61EF368790084642A /* Summer */ = {
			isa = PBXNativeTarget;
			buildConfigurationList = CC3348DB1EF368790084642A /* Build configuration list for PBXNativeTarget "Summer" */;
			buildPhases = (
				3F36A63169311B76FBEBCB76 /* [CP] Check Pods Manifest.lock */,
				CC3348C31EF368790084642A /* Sources */,
				CC3348C41EF368790084642A /* Frameworks */,
				CC3348C51EF368790084642A /* Resources */,
				37C3A4DB2C72FCA044B6BC0E /* [CP] Embed Pods Frameworks */,
				EF7A68E2DBD5033B0AFD41C6 /* [CP] Copy Pods Resources */,
			);
			buildRules = (
			);
			dependencies = (
			);
			name = Summer;
			productName = Summer;
			productReference = CC3348C71EF368790084642A /* Summer.app */;
			productType = "com.apple.product-type.application";
		};
/* End PBXNativeTarget section */

/* Begin PBXProject section */
		CC3348BF1EF368790084642A /* Project object */ = {
			isa = PBXProject;
			attributes = {
				LastSwiftUpdateCheck = 0830;
				LastUpgradeCheck = 0830;
				ORGANIZATIONNAME = wuxi;
				TargetAttributes = {
					CC3348C61EF368790084642A = {
						CreatedOnToolsVersion = 8.3.1;
						DevelopmentTeam = 437FYPNA4H;
						ProvisioningStyle = Automatic;
					};
				};
			};
			buildConfigurationList = CC3348C21EF368790084642A /* Build configuration list for PBXProject "Summer" */;
			compatibilityVersion = "Xcode 3.2";
			developmentRegion = English;
			hasScannedForEncodings = 0;
			knownRegions = (
				en,
				Base,
				"zh-Hant-HK",
				"zh-Hans",
			);
			mainGroup = CC3348BE1EF368790084642A;
			productRefGroup = CC3348C81EF368790084642A /* Products */;
			projectDirPath = "";
			projectRoot = "";
			targets = (
				CC3348C61EF368790084642A /* Summer */,
			);
		};
/* End PBXProject section */

/* Begin PBXResourcesBuildPhase section */
		CC3348C51EF368790084642A /* Resources */ = {
			isa = PBXResourcesBuildPhase;
			buildActionMask = 2147483647;
			files = (
				CC3693821F3612AD00929F24 /* OpenBluetoothController.xib in Resources */,
				CC5A10361F2F77E000A73754 /* StartGuideViewController.xib in Resources */,
				CCE4E2C81F091C350085542E /* Privacy.html in Resources */,
				CCFAC20B1EFFA16500319BB0 /* MainMenuView.xib in Resources */,
				CC5A103A1F2F8DD000A73754 /* LoginViewController.xib in Resources */,
				CCFBF7211F3DFE300025F330 /* AddModeViewController.xib in Resources */,
				CC11D6531F30C9BA00B9ADD1 /* StartSetGenderViewController.xib in Resources */,
				CC4BA88F1F2DEB3D002B571D /* BottomWechatShareView.xib in Resources */,
				CC030E931F1BA42A0030145C /* BaseAlertView.xib in Resources */,
				CC3EF2CB1EFEB99E00CE4919 /* Localizable.strings in Resources */,
				CC11D6571F30D3CE00B9ADD1 /* StartSetBirthViewController.xib in Resources */,
				CC8B180F1F30B0E100FC5EAE /* main-bg1.jpg in Resources */,
				CC0237781F08998D00400F7C /* EditPasswordViewController.xib in Resources */,
				CC8B18111F30B0E100FC5EAE /* main-bg3.jpg in Resources */,
				CC11D65B1F30D7D300B9ADD1 /* StartSetWeightViewController.xib in Resources */,
				CC4BA8791F2D9C25002B571D /* LanguageCell.xib in Resources */,
				CC8B17F51F30532300FC5EAE /* SimpleHUDController.xib in Resources */,
				CC11D65F1F30DE8000B9ADD1 /* StartSetHeightViewController.xib in Resources */,
				CC4BA8821F2DCA2D002B571D /* ConfirmAlertView.xib in Resources */,
				CCE954751F11122D005C755C /* CheckUpdateViewController.xib in Resources */,
				CC4BA8891F2DDBD7002B571D /* NotificationDetailController.xib in Resources */,
				CC0411DF1F37699300884165 /* HistoryDataCell.xib in Resources */,
				CC8B18131F30B0E100FC5EAE /* main-bg5.jpg in Resources */,
				CCFAC2191EFFA23000319BB0 /* EditProfileViewController.xib in Resources */,
				CC8B18121F30B0E100FC5EAE /* main-bg4.jpg in Resources */,
				CC3348D71EF368790084642A /* LaunchScreen.storyboard in Resources */,
				CC3348D41EF368790084642A /* Assets.xcassets in Resources */,
				CC4BA8751F2D9BE2002B571D /* LanguageListController.xib in Resources */,
				CC4BA8841F2DDA03002B571D /* about-banner.png in Resources */,
				CC8B17FB1F30AF1A00FC5EAE /* StartSetUsernameViewController.xib in Resources */,
				CC3348D21EF368790084642A /* Main.storyboard in Resources */,
				CC8B18101F30B0E100FC5EAE /* main-bg2.jpg in Resources */,
				CC0E30C61F11E1A900F6AFFB /* NotificationCenterCell.xib in Resources */,
				CCE9547C1F113260005C755C /* NotificationCenterController.xib in Resources */,
				CCE4E2D31F09380C0085542E /* useItem.html in Resources */,
				CC1748A81F2ED8A000CE268C /* WXImagePickerViewController.xib in Resources */,
				CC4BA87E1F2DA2AB002B571D /* EquipmentViewController.xib in Resources */,
				CC8B18141F30B0E100FC5EAE /* main-bg6.jpg in Resources */,
				CC4BA88B1F2DDC54002B571D /* notification.html in Resources */,
				CCE4E2CD1F0932970085542E /* aboutBSL.html in Resources */,
				CC4BA8931F2DFE53002B571D /* UserHandbookController.xib in Resources */,
				CCE4E2CA1F0925970085542E /* logo.png in Resources */,
				CC0411D81F37567C00884165 /* HistoryDataViewController.xib in Resources */,
				CCE4E2CF1F0932A50085542E /* qrcode.png in Resources */,
				CC0237801F08ABDC00400F7C /* SettingViewController.xib in Resources */,
				CC9BDCB51F43409A00AF6DB4 /* SVProgressHUD.bundle in Resources */,
				CC339C0E1F4A546E00EB0516 /* ModeSettingCell.xib in Resources */,
			);
			runOnlyForDeploymentPostprocessing = 0;
		};
/* End PBXResourcesBuildPhase section */

/* Begin PBXShellScriptBuildPhase section */
		37C3A4DB2C72FCA044B6BC0E /* [CP] Embed Pods Frameworks */ = {
			isa = PBXShellScriptBuildPhase;
			buildActionMask = 2147483647;
			files = (
			);
			inputPaths = (
			);
			name = "[CP] Embed Pods Frameworks";
			outputPaths = (
			);
			runOnlyForDeploymentPostprocessing = 0;
			shellPath = /bin/sh;
			shellScript = "\"${SRCROOT}/Pods/Target Support Files/Pods-Summer/Pods-Summer-frameworks.sh\"\n";
			showEnvVarsInLog = 0;
		};
		3F36A63169311B76FBEBCB76 /* [CP] Check Pods Manifest.lock */ = {
			isa = PBXShellScriptBuildPhase;
			buildActionMask = 2147483647;
			files = (
			);
			inputPaths = (
			);
			name = "[CP] Check Pods Manifest.lock";
			outputPaths = (
			);
			runOnlyForDeploymentPostprocessing = 0;
			shellPath = /bin/sh;
			shellScript = "diff \"${PODS_PODFILE_DIR_PATH}/Podfile.lock\" \"${PODS_ROOT}/Manifest.lock\" > /dev/null\nif [ $? != 0 ] ; then\n    # print error to STDERR\n    echo \"error: The sandbox is not in sync with the Podfile.lock. Run 'pod install' or update your CocoaPods installation.\" >&2\n    exit 1\nfi\n";
			showEnvVarsInLog = 0;
		};
		EF7A68E2DBD5033B0AFD41C6 /* [CP] Copy Pods Resources */ = {
			isa = PBXShellScriptBuildPhase;
			buildActionMask = 2147483647;
			files = (
			);
			inputPaths = (
			);
			name = "[CP] Copy Pods Resources";
			outputPaths = (
			);
			runOnlyForDeploymentPostprocessing = 0;
			shellPath = /bin/sh;
			shellScript = "\"${SRCROOT}/Pods/Target Support Files/Pods-Summer/Pods-Summer-resources.sh\"\n";
			showEnvVarsInLog = 0;
		};
/* End PBXShellScriptBuildPhase section */

/* Begin PBXSourcesBuildPhase section */
		CC3348C31EF368790084642A /* Sources */ = {
			isa = PBXSourcesBuildPhase;
			buildActionMask = 2147483647;
			files = (
				CCFAC2181EFFA23000319BB0 /* EditProfileViewController.swift in Sources */,
				CC02377F1F08ABDC00400F7C /* SettingViewController.swift in Sources */,
				CC11D6561F30D3CE00B9ADD1 /* StartSetBirthViewController.swift in Sources */,
				CC3348CB1EF368790084642A /* AppDelegate.swift in Sources */,
				CC3693811F3612AD00929F24 /* OpenBluetoothController.swift in Sources */,
				CC807F151F46E33C00C2FE87 /* UIBezierPath+LxThroughPointsBezier.m in Sources */,
				CC4BA8881F2DDBD7002B571D /* NotificationDetailController.swift in Sources */,
				CC0E30C51F11E1A900F6AFFB /* NotificationCenterCell.swift in Sources */,
				CC9BDCB31F43409A00AF6DB4 /* SVIndefiniteAnimatedView.m in Sources */,
				CCFAC1FF1EFF5B4900319BB0 /* BaseRulerSelectorActionView.swift in Sources */,
				CCFBF7201F3DFE300025F330 /* AddModeViewController.swift in Sources */,
				CC8D04191F40A5F100F9B7FF /* WXPregressHUD.swift in Sources */,
				CC6D34311EF39E7E002C4A36 /* UIView+Position.swift in Sources */,
				CC8D04121F40058E00F9B7FF /* MyBase64.m in Sources */,
				CC8B17FA1F30AF1A00FC5EAE /* StartSetUsernameViewController.swift in Sources */,
				CC6D342C1EF3731B002C4A36 /* DemoViewController.swift in Sources */,
				CC030B6F1F4145760069634C /* SessionManager.swift in Sources */,
				CCE9547B1F113260005C755C /* NotificationCenterController.swift in Sources */,
				CC6D342E1EF3877A002C4A36 /* Car.swift in Sources */,
				CC8D040B1F3FDCF700F9B7FF /* WindModeAjustor.swift in Sources */,
				CC339C0D1F4A546E00EB0516 /* ModeSettingCell.swift in Sources */,
				CCE954741F11122D005C755C /* CheckUpdateViewController.swift in Sources */,
				CC5B32711EFA5D570048FC89 /* WXActionSheetView.swift in Sources */,
				CC0664AA1EF76A5D00020415 /* BaseViewController.swift in Sources */,
				CC8B17F71F30587F00FC5EAE /* Tookit.swift in Sources */,
				CC2B99D51F0490FA00916069 /* BaseActionSheetView.swift in Sources */,
				CCE4E2C51F0909800085542E /* PrivacyViewController.swift in Sources */,
				CC8B17EF1F3038BD00FC5EAE /* BLHUDBarManager.swift in Sources */,
				CC339C061F48951D00EB0516 /* UserInfo.swift in Sources */,
				CC2B99D31F04905700916069 /* DatePickerView.swift in Sources */,
				CC4BA87D1F2DA2AB002B571D /* EquipmentViewController.swift in Sources */,
				CC339C101F4C0E7D00EB0516 /* UserWindSpeedConfig.swift in Sources */,
				CC03D0811EFEBE9D00CC8B20 /* RuleSelectorView.swift in Sources */,
				CC4BA8801F2DCA0F002B571D /* ConfirmAlertView.swift in Sources */,
				CCE4E2D51F0938940085542E /* TermsOfUseController.swift in Sources */,
				CC11D6221F41F11D001E153F /* DateExtension.swift in Sources */,
				CC196F861F3CAC91006C1D90 /* WindModeControllView.swift in Sources */,
				CC02377B1F08A20400400F7C /* BaseSegmentControl.swift in Sources */,
				CC0411DB1F375ADB00884165 /* DateSegmentView.swift in Sources */,
				CC8B17F41F30532300FC5EAE /* SimpleHUDController.swift in Sources */,
				CC6D34351EF3A669002C4A36 /* Common.swift in Sources */,
				CC9BDCA81F4336EA00AF6DB4 /* MBProgressHUD.m in Sources */,
				CC4BA8741F2D9BE2002B571D /* LanguageListController.swift in Sources */,
				CC12FA001F45DF8E00533783 /* WeekAQIDataView.swift in Sources */,
				CC12F9FC1F451CC000533783 /* CurrentAQI.swift in Sources */,
				CC6D34331EF3A29A002C4A36 /* UIColorExtensions.swift in Sources */,
				CC11D65E1F30DE8000B9ADD1 /* StartSetHeightViewController.swift in Sources */,
				CC9BDCB41F43409A00AF6DB4 /* SVProgressAnimatedView.m in Sources */,
				CC5A10391F2F8DD000A73754 /* LoginViewController.swift in Sources */,
				CC8D040F1F40052C00F9B7FF /* DES3EncryptUtil.m in Sources */,
				CCE954771F1120FA005C755C /* UIView+IBInspectable.swift in Sources */,
				CC1748A71F2ED8A000CE268C /* WXImagePickerViewController.swift in Sources */,
				CC5A10351F2F77E000A73754 /* StartGuideViewController.swift in Sources */,
				CC9BDCB71F43409A00AF6DB4 /* SVRadialGradientLayer.m in Sources */,
				CC339C121F4C12FB00EB0516 /* WindModeManager.swift in Sources */,
				CC1657BA1F3B6F7F0097FF58 /* BLTipView.swift in Sources */,
				CC4B66DA1F3838B500772738 /* APIManager.swift in Sources */,
				CC0664B01EF7BEC800020415 /* BaseNavigationController.swift in Sources */,
				CC339C091F4A532B00EB0516 /* ModeSettingController.swift in Sources */,
				CC0664B41EF7C0EB00020415 /* MainMenuView.swift in Sources */,
				CC05D2CF1F08748600653C71 /* GenderPickerView.swift in Sources */,
				CC11D6521F30C9BA00B9ADD1 /* StartSetGenderViewController.swift in Sources */,
				CC0664A81EF76A4F00020415 /* BaseView.swift in Sources */,
				CC9BDCB61F43409A00AF6DB4 /* SVProgressHUD.m in Sources */,
				CC0411D71F37567C00884165 /* HistoryDataViewController.swift in Sources */,
				CC030E911F1BA4160030145C /* BaseAlertView.swift in Sources */,
				CC0237771F08998D00400F7C /* EditPasswordViewController.swift in Sources */,
				CC4BA88D1F2DE0F8002B571D /* BottomWechatShareView.swift in Sources */,
				CC4BA8921F2DFE53002B571D /* UserHandbookController.swift in Sources */,
				CC0411DE1F37699300884165 /* HistoryDataCell.swift in Sources */,
				CC4B66DC1F383F2500772738 /* StringExtension.swift in Sources */,
				CC4BA8781F2D9C25002B571D /* LanguageCell.swift in Sources */,
				CC0664AC1EF76A8900020415 /* MainViewController.swift in Sources */,
				CC11D65A1F30D7D300B9ADD1 /* StartSetWeightViewController.swift in Sources */,
				CC12F9F91F4519F600533783 /* APIRequest.swift in Sources */,
				CCE4E2C11F0903760085542E /* AboutViewController.swift in Sources */,
			);
			runOnlyForDeploymentPostprocessing = 0;
		};
/* End PBXSourcesBuildPhase section */

/* Begin PBXVariantGroup section */
		CC3348D01EF368790084642A /* Main.storyboard */ = {
			isa = PBXVariantGroup;
			children = (
				CC3348D11EF368790084642A /* Base */,
				CC7821C41EFEB2860067F4A5 /* zh-Hans */,
				CC7821C61EFEB2AE0067F4A5 /* zh-Hant-HK */,
				CCFAC2141EFFA19300319BB0 /* en */,
			);
			name = Main.storyboard;
			path = Summer;
			sourceTree = "<group>";
		};
		CC3348D51EF368790084642A /* LaunchScreen.storyboard */ = {
			isa = PBXVariantGroup;
			children = (
				CC3348D61EF368790084642A /* Base */,
				CC7821C51EFEB2860067F4A5 /* zh-Hans */,
				CC7821C71EFEB2AF0067F4A5 /* zh-Hant-HK */,
			);
			name = LaunchScreen.storyboard;
			path = Summer;
			sourceTree = "<group>";
		};
		CC3EF2CD1EFEB99E00CE4919 /* Localizable.strings */ = {
			isa = PBXVariantGroup;
			children = (
				CC3EF2CE1EFEB9A600CE4919 /* zh-Hant-HK */,
				CC3EF2CF1EFEB9A800CE4919 /* en */,
			);
			name = Localizable.strings;
			sourceTree = "<group>";
		};
		CCFAC20D1EFFA16500319BB0 /* MainMenuView.xib */ = {
			isa = PBXVariantGroup;
			children = (
				CCFAC20C1EFFA16500319BB0 /* Base */,
				CCFAC20F1EFFA17000319BB0 /* zh-Hans */,
				CCFAC2111EFFA17E00319BB0 /* zh-Hant-HK */,
				CCFAC2121EFFA18D00319BB0 /* en */,
			);
			name = MainMenuView.xib;
			sourceTree = "<group>";
		};
/* End PBXVariantGroup section */

/* Begin XCBuildConfiguration section */
		CC3348D91EF368790084642A /* Debug */ = {
			isa = XCBuildConfiguration;
			buildSettings = {
				ALWAYS_SEARCH_USER_PATHS = NO;
				CLANG_ANALYZER_LOCALIZABILITY_NONLOCALIZED = YES;
				CLANG_ANALYZER_NONNULL = YES;
				CLANG_ANALYZER_NUMBER_OBJECT_CONVERSION = YES_AGGRESSIVE;
				CLANG_CXX_LANGUAGE_STANDARD = "gnu++0x";
				CLANG_CXX_LIBRARY = "libc++";
				CLANG_ENABLE_MODULES = YES;
				CLANG_ENABLE_OBJC_ARC = YES;
				CLANG_WARN_BOOL_CONVERSION = YES;
				CLANG_WARN_CONSTANT_CONVERSION = YES;
				CLANG_WARN_DIRECT_OBJC_ISA_USAGE = YES_ERROR;
				CLANG_WARN_DOCUMENTATION_COMMENTS = YES;
				CLANG_WARN_EMPTY_BODY = YES;
				CLANG_WARN_ENUM_CONVERSION = YES;
				CLANG_WARN_INFINITE_RECURSION = YES;
				CLANG_WARN_INT_CONVERSION = YES;
				CLANG_WARN_OBJC_ROOT_CLASS = YES_ERROR;
				CLANG_WARN_SUSPICIOUS_MOVE = YES;
				CLANG_WARN_UNREACHABLE_CODE = YES;
				CLANG_WARN__DUPLICATE_METHOD_MATCH = YES;
				"CODE_SIGN_IDENTITY[sdk=iphoneos*]" = "iPhone Developer";
				COPY_PHASE_STRIP = NO;
				DEBUG_INFORMATION_FORMAT = dwarf;
				ENABLE_STRICT_OBJC_MSGSEND = YES;
				ENABLE_TESTABILITY = YES;
				GCC_C_LANGUAGE_STANDARD = gnu99;
				GCC_DYNAMIC_NO_PIC = NO;
				GCC_NO_COMMON_BLOCKS = YES;
				GCC_OPTIMIZATION_LEVEL = 0;
				GCC_PREPROCESSOR_DEFINITIONS = (
					"DEBUG=1",
					"$(inherited)",
				);
				GCC_WARN_64_TO_32_BIT_CONVERSION = YES;
				GCC_WARN_ABOUT_RETURN_TYPE = YES_ERROR;
				GCC_WARN_UNDECLARED_SELECTOR = YES;
				GCC_WARN_UNINITIALIZED_AUTOS = YES_AGGRESSIVE;
				GCC_WARN_UNUSED_FUNCTION = YES;
				GCC_WARN_UNUSED_VARIABLE = YES;
				IPHONEOS_DEPLOYMENT_TARGET = 10.3;
				MTL_ENABLE_DEBUG_INFO = YES;
				ONLY_ACTIVE_ARCH = YES;
				SDKROOT = iphoneos;
				SWIFT_ACTIVE_COMPILATION_CONDITIONS = DEBUG;
				SWIFT_OPTIMIZATION_LEVEL = "-Onone";
			};
			name = Debug;
		};
		CC3348DA1EF368790084642A /* Release */ = {
			isa = XCBuildConfiguration;
			buildSettings = {
				ALWAYS_SEARCH_USER_PATHS = NO;
				CLANG_ANALYZER_LOCALIZABILITY_NONLOCALIZED = YES;
				CLANG_ANALYZER_NONNULL = YES;
				CLANG_ANALYZER_NUMBER_OBJECT_CONVERSION = YES_AGGRESSIVE;
				CLANG_CXX_LANGUAGE_STANDARD = "gnu++0x";
				CLANG_CXX_LIBRARY = "libc++";
				CLANG_ENABLE_MODULES = YES;
				CLANG_ENABLE_OBJC_ARC = YES;
				CLANG_WARN_BOOL_CONVERSION = YES;
				CLANG_WARN_CONSTANT_CONVERSION = YES;
				CLANG_WARN_DIRECT_OBJC_ISA_USAGE = YES_ERROR;
				CLANG_WARN_DOCUMENTATION_COMMENTS = YES;
				CLANG_WARN_EMPTY_BODY = YES;
				CLANG_WARN_ENUM_CONVERSION = YES;
				CLANG_WARN_INFINITE_RECURSION = YES;
				CLANG_WARN_INT_CONVERSION = YES;
				CLANG_WARN_OBJC_ROOT_CLASS = YES_ERROR;
				CLANG_WARN_SUSPICIOUS_MOVE = YES;
				CLANG_WARN_UNREACHABLE_CODE = YES;
				CLANG_WARN__DUPLICATE_METHOD_MATCH = YES;
				"CODE_SIGN_IDENTITY[sdk=iphoneos*]" = "iPhone Developer";
				COPY_PHASE_STRIP = NO;
				DEBUG_INFORMATION_FORMAT = "dwarf-with-dsym";
				ENABLE_NS_ASSERTIONS = NO;
				ENABLE_STRICT_OBJC_MSGSEND = YES;
				GCC_C_LANGUAGE_STANDARD = gnu99;
				GCC_NO_COMMON_BLOCKS = YES;
				GCC_WARN_64_TO_32_BIT_CONVERSION = YES;
				GCC_WARN_ABOUT_RETURN_TYPE = YES_ERROR;
				GCC_WARN_UNDECLARED_SELECTOR = YES;
				GCC_WARN_UNINITIALIZED_AUTOS = YES_AGGRESSIVE;
				GCC_WARN_UNUSED_FUNCTION = YES;
				GCC_WARN_UNUSED_VARIABLE = YES;
				IPHONEOS_DEPLOYMENT_TARGET = 10.3;
				MTL_ENABLE_DEBUG_INFO = NO;
				SDKROOT = iphoneos;
				SWIFT_OPTIMIZATION_LEVEL = "-Owholemodule";
				VALIDATE_PRODUCT = YES;
			};
			name = Release;
		};
		CC3348DC1EF368790084642A /* Debug */ = {
			isa = XCBuildConfiguration;
			baseConfigurationReference = 7759AA13FDCD9FF9EA28D118 /* Pods-Summer.debug.xcconfig */;
			buildSettings = {
				ASSETCATALOG_COMPILER_APPICON_NAME = AppIcon;
				DEVELOPMENT_TEAM = 437FYPNA4H;
				FRAMEWORK_SEARCH_PATHS = (
					"$(inherited)",
					"\"$PODS_CONFIGURATION_BUILD_DIR/Alamofire\"",
					"\"$PODS_CONFIGURATION_BUILD_DIR/AlamofireObjectMapper\"",
					"\"$PODS_CONFIGURATION_BUILD_DIR/Kingfisher\"",
					"\"$PODS_CONFIGURATION_BUILD_DIR/MBProgressHUD\"",
					"\"$PODS_CONFIGURATION_BUILD_DIR/Moya\"",
					"\"$PODS_CONFIGURATION_BUILD_DIR/ObjectMapper\"",
					"\"$PODS_CONFIGURATION_BUILD_DIR/PopupDialog\"",
					"\"$PODS_CONFIGURATION_BUILD_DIR/Presentr\"",
					"\"$PODS_CONFIGURATION_BUILD_DIR/ReactiveCocoa\"",
					"\"$PODS_CONFIGURATION_BUILD_DIR/ReactiveSwift\"",
					"\"$PODS_CONFIGURATION_BUILD_DIR/Result\"",
					"\"$PODS_CONFIGURATION_BUILD_DIR/SnapKit\"",
					"\"$PODS_CONFIGURATION_BUILD_DIR/SwiftyJSON\"",
				);
				HEADER_SEARCH_PATHS = "$(PODS_ROOT)/WechatOpenSDK/**";
				INFOPLIST_FILE = Summer/Info.plist;
				IPHONEOS_DEPLOYMENT_TARGET = 8.0;
				LD_RUNPATH_SEARCH_PATHS = "$(inherited) @executable_path/Frameworks";
				PRODUCT_BUNDLE_IDENTIFIER = blueskylab;
				PRODUCT_NAME = "$(TARGET_NAME)";
				SWIFT_OBJC_BRIDGING_HEADER = "$(PROJECT_DIR)/BridgingHeader.h";
				SWIFT_VERSION = 3.0;
				USER_HEADER_SEARCH_PATHS = "$(PODS_ROOT)";
			};
			name = Debug;
		};
		CC3348DD1EF368790084642A /* Release */ = {
			isa = XCBuildConfiguration;
			baseConfigurationReference = ACB90229D5AF13058AC07C4C /* Pods-Summer.release.xcconfig */;
			buildSettings = {
				ASSETCATALOG_COMPILER_APPICON_NAME = AppIcon;
				DEVELOPMENT_TEAM = 437FYPNA4H;
				FRAMEWORK_SEARCH_PATHS = (
					"$(inherited)",
					"\"$PODS_CONFIGURATION_BUILD_DIR/Alamofire\"",
					"\"$PODS_CONFIGURATION_BUILD_DIR/AlamofireObjectMapper\"",
					"\"$PODS_CONFIGURATION_BUILD_DIR/Kingfisher\"",
					"\"$PODS_CONFIGURATION_BUILD_DIR/MBProgressHUD\"",
					"\"$PODS_CONFIGURATION_BUILD_DIR/Moya\"",
					"\"$PODS_CONFIGURATION_BUILD_DIR/ObjectMapper\"",
					"\"$PODS_CONFIGURATION_BUILD_DIR/PopupDialog\"",
					"\"$PODS_CONFIGURATION_BUILD_DIR/Presentr\"",
					"\"$PODS_CONFIGURATION_BUILD_DIR/ReactiveCocoa\"",
					"\"$PODS_CONFIGURATION_BUILD_DIR/ReactiveSwift\"",
					"\"$PODS_CONFIGURATION_BUILD_DIR/Result\"",
					"\"$PODS_CONFIGURATION_BUILD_DIR/SnapKit\"",
					"\"$PODS_CONFIGURATION_BUILD_DIR/SwiftyJSON\"",
				);
				HEADER_SEARCH_PATHS = "$(PODS_ROOT)/WechatOpenSDK/**";
				INFOPLIST_FILE = Summer/Info.plist;
				IPHONEOS_DEPLOYMENT_TARGET = 8.0;
				LD_RUNPATH_SEARCH_PATHS = "$(inherited) @executable_path/Frameworks";
				PRODUCT_BUNDLE_IDENTIFIER = blueskylab;
				PRODUCT_NAME = "$(TARGET_NAME)";
				SWIFT_OBJC_BRIDGING_HEADER = "$(PROJECT_DIR)/BridgingHeader.h";
				SWIFT_VERSION = 3.0;
				USER_HEADER_SEARCH_PATHS = "$(PODS_ROOT)";
			};
			name = Release;
		};
/* End XCBuildConfiguration section */

/* Begin XCConfigurationList section */
		CC3348C21EF368790084642A /* Build configuration list for PBXProject "Summer" */ = {
			isa = XCConfigurationList;
			buildConfigurations = (
				CC3348D91EF368790084642A /* Debug */,
				CC3348DA1EF368790084642A /* Release */,
			);
			defaultConfigurationIsVisible = 0;
			defaultConfigurationName = Release;
		};
		CC3348DB1EF368790084642A /* Build configuration list for PBXNativeTarget "Summer" */ = {
			isa = XCConfigurationList;
			buildConfigurations = (
				CC3348DC1EF368790084642A /* Debug */,
				CC3348DD1EF368790084642A /* Release */,
			);
			defaultConfigurationIsVisible = 0;
			defaultConfigurationName = Release;
		};
/* End XCConfigurationList section */
	};
	rootObject = CC3348BF1EF368790084642A /* Project object */;
}
